// !$*UTF8*$!
{
	archiveVersion = 1;
	classes = {
	};
	objectVersion = 55;
	objects = {

/* Begin PBXBuildFile section */
		2602327628CCBFB100B11D7A /* HeadPoseEst.cpp in Sources */ = {isa = PBXBuildFile; fileRef = 2602327528CCBFB100B11D7A /* HeadPoseEst.cpp */; };
		263B540228CD861C004CF77D /* AnnoImage.cpp in Sources */ = {isa = PBXBuildFile; fileRef = 263B540028CD861C004CF77D /* AnnoImage.cpp */; };
		263B540528CD8B34004CF77D /* Utils.cpp in Sources */ = {isa = PBXBuildFile; fileRef = 263B540428CD8B34004CF77D /* Utils.cpp */; };
		264E012628D6C45B00CB94D1 /* EyebowMask.cpp in Sources */ = {isa = PBXBuildFile; fileRef = 264E012528D6C45B00CB94D1 /* EyebowMask.cpp */; };
		265B7B9A28E5C971004F5E49 /* HeadPoseEst.cpp in Sources */ = {isa = PBXBuildFile; fileRef = 2602327528CCBFB100B11D7A /* HeadPoseEst.cpp */; };
		265B7B9C28E5C9D2004F5E49 /* AnnoImage.cpp in Sources */ = {isa = PBXBuildFile; fileRef = 263B540028CD861C004CF77D /* AnnoImage.cpp */; };
		2662B02B28E87DCC00EEE543 /* FaceLmExtractV2.cpp in Sources */ = {isa = PBXBuildFile; fileRef = 2662B02A28E87DCC00EEE543 /* FaceLmExtractV2.cpp */; };
		2662B02C28E8800300EEE543 /* FaceLmExtractV2.cpp in Sources */ = {isa = PBXBuildFile; fileRef = 2662B02A28E87DCC00EEE543 /* FaceLmExtractV2.cpp */; };
		26B65A5E28EA92900019104F /* LowerFaceMask.cpp in Sources */ = {isa = PBXBuildFile; fileRef = 26B65A5C28EA92900019104F /* LowerFaceMask.cpp */; };
		26B65A5F28EA983E0019104F /* LowerFaceMask.cpp in Sources */ = {isa = PBXBuildFile; fileRef = 26B65A5C28EA92900019104F /* LowerFaceMask.cpp */; };
		26D67AE428E70CB100524E29 /* libtensorflowlite.so in Frameworks */ = {isa = PBXBuildFile; fileRef = 265B7B9728E5B26D004F5E49 /* libtensorflowlite.so */; };
		26D67AE528E70D0600524E29 /* libtensorflowlite.so in Frameworks */ = {isa = PBXBuildFile; fileRef = 265B7B9728E5B26D004F5E49 /* libtensorflowlite.so */; };
		26DB15F528D69DEE00F195CF /* libtensorflowlite.so in Frameworks */ = {isa = PBXBuildFile; fileRef = 2602327828CCC52E00B11D7A /* libtensorflowlite.so */; };
		26E506B228D3665B000059DA /* LM_Loader.cpp in Sources */ = {isa = PBXBuildFile; fileRef = 26E506B028D3665B000059DA /* LM_Loader.cpp */; };
		CB1E2AB928DD99AB00F416DF /* ForeheadMask.cpp in Sources */ = {isa = PBXBuildFile; fileRef = CB1E2AB728DD99AB00F416DF /* ForeheadMask.cpp */; };
		CB255A9628C7237A005C8A81 /* main.cpp in Sources */ = {isa = PBXBuildFile; fileRef = CB255A9528C7237A005C8A81 /* main.cpp */; };
		CB4312AA28D41DDD006D71DA /* ParametricBSpline.cpp in Sources */ = {isa = PBXBuildFile; fileRef = CB4312A828D41DDD006D71DA /* ParametricBSpline.cpp */; };
		CB45E23C28E54A77004E8D25 /* FaceBgSeg.cpp in Sources */ = {isa = PBXBuildFile; fileRef = CB45E23A28E54A77004E8D25 /* FaceBgSeg.cpp */; };
		CB45E23F28E54BA7004E8D25 /* Geometry.cpp in Sources */ = {isa = PBXBuildFile; fileRef = CB45E23E28E54BA7004E8D25 /* Geometry.cpp */; };
		CBB5DB3D28DD5B3B003CDED3 /* FundamentalMask.cpp in Sources */ = {isa = PBXBuildFile; fileRef = CBB5DB3C28DD5B3B003CDED3 /* FundamentalMask.cpp */; };
		CBB5DB4028DD5E97003CDED3 /* SkinFeatureMask.cpp in Sources */ = {isa = PBXBuildFile; fileRef = CBB5DB3E28DD5E97003CDED3 /* SkinFeatureMask.cpp */; };
		CBD123F428E5880E004A42A9 /* main.cpp in Sources */ = {isa = PBXBuildFile; fileRef = CBD123F328E5880E004A42A9 /* main.cpp */; };
		CBD123F928E58CCC004A42A9 /* FaceBgSeg.cpp in Sources */ = {isa = PBXBuildFile; fileRef = CB45E23A28E54A77004E8D25 /* FaceBgSeg.cpp */; };
		CBD123FB28E58D12004A42A9 /* Geometry.cpp in Sources */ = {isa = PBXBuildFile; fileRef = CB45E23E28E54BA7004E8D25 /* Geometry.cpp */; };
		CBD1240228E5994E004A42A9 /* Utils.cpp in Sources */ = {isa = PBXBuildFile; fileRef = 263B540428CD8B34004CF77D /* Utils.cpp */; };
		CBD1240628E59A8C004A42A9 /* Batch.cpp in Sources */ = {isa = PBXBuildFile; fileRef = CBD1240528E59A8C004A42A9 /* Batch.cpp */; };
		CBDA5B2528D2F0DD002A35E2 /* TinyEXIF.cpp in Sources */ = {isa = PBXBuildFile; fileRef = CBDA5B2128D2F0DD002A35E2 /* TinyEXIF.cpp */; };
		CBDA5B2628D2F0DD002A35E2 /* tinyxml2.cpp in Sources */ = {isa = PBXBuildFile; fileRef = CBDA5B2228D2F0DD002A35E2 /* tinyxml2.cpp */; };
		CBDA5B2928D2F327002A35E2 /* EXIF_Extractor.cpp in Sources */ = {isa = PBXBuildFile; fileRef = CBDA5B2828D2F327002A35E2 /* EXIF_Extractor.cpp */; };
		CBDA6B9728D5550B00BE0756 /* main.cpp in Sources */ = {isa = PBXBuildFile; fileRef = CBDA6B9628D5550B00BE0756 /* main.cpp */; };
		CBDA6B9E28D55FDC00BE0756 /* HeadPoseEst.cpp in Sources */ = {isa = PBXBuildFile; fileRef = 2602327528CCBFB100B11D7A /* HeadPoseEst.cpp */; };
		CBDA6BA028D5603600BE0756 /* Utils.cpp in Sources */ = {isa = PBXBuildFile; fileRef = 263B540428CD8B34004CF77D /* Utils.cpp */; };
		CBDBD7B128D561FF00F3AD03 /* LM_Exporter.cpp in Sources */ = {isa = PBXBuildFile; fileRef = CBDBD7AF28D561FF00F3AD03 /* LM_Exporter.cpp */; };
		CBF8FB7928E68DCB002B58B5 /* SkinFeatureMask.cpp in Sources */ = {isa = PBXBuildFile; fileRef = CBB5DB3E28DD5E97003CDED3 /* SkinFeatureMask.cpp */; };
		CBF8FB7B28E68DE7002B58B5 /* EyebowMask.cpp in Sources */ = {isa = PBXBuildFile; fileRef = 264E012528D6C45B00CB94D1 /* EyebowMask.cpp */; };
		CBF8FB7D28E68DFC002B58B5 /* ForeheadMask.cpp in Sources */ = {isa = PBXBuildFile; fileRef = CB1E2AB728DD99AB00F416DF /* ForeheadMask.cpp */; };
		CBF8FB7F28E68DFC002B58B5 /* FundamentalMask.cpp in Sources */ = {isa = PBXBuildFile; fileRef = CBB5DB3C28DD5B3B003CDED3 /* FundamentalMask.cpp */; };
		CBF8FB8128E68E25002B58B5 /* ParametricBSpline.cpp in Sources */ = {isa = PBXBuildFile; fileRef = CB4312A828D41DDD006D71DA /* ParametricBSpline.cpp */; };
/* End PBXBuildFile section */

/* Begin PBXCopyFilesBuildPhase section */
		CB255A9028C7237A005C8A81 /* CopyFiles */ = {
			isa = PBXCopyFilesBuildPhase;
			buildActionMask = 2147483647;
			dstPath = /usr/share/man/man1/;
			dstSubfolderSpec = 0;
			files = (
			);
			runOnlyForDeploymentPostprocessing = 1;
		};
		CBD123EF28E5880E004A42A9 /* CopyFiles */ = {
			isa = PBXCopyFilesBuildPhase;
			buildActionMask = 2147483647;
			dstPath = /usr/share/man/man1/;
			dstSubfolderSpec = 0;
			files = (
			);
			runOnlyForDeploymentPostprocessing = 1;
		};
		CBDA6B9228D5550B00BE0756 /* CopyFiles */ = {
			isa = PBXCopyFilesBuildPhase;
			buildActionMask = 2147483647;
			dstPath = /usr/share/man/man1/;
			dstSubfolderSpec = 0;
			files = (
			);
			runOnlyForDeploymentPostprocessing = 1;
		};
/* End PBXCopyFilesBuildPhase section */

/* Begin PBXFileReference section */
		2602327428CCBFB100B11D7A /* HeadPoseEst.hpp */ = {isa = PBXFileReference; fileEncoding = 4; lastKnownFileType = sourcecode.cpp.h; path = HeadPoseEst.hpp; sourceTree = "<group>"; };
		2602327528CCBFB100B11D7A /* HeadPoseEst.cpp */ = {isa = PBXFileReference; fileEncoding = 4; lastKnownFileType = sourcecode.cpp.cpp; path = HeadPoseEst.cpp; sourceTree = "<group>"; };
		2602327828CCC52E00B11D7A /* libtensorflowlite.so */ = {isa = PBXFileReference; lastKnownFileType = "compiled.mach-o.dylib"; name = libtensorflowlite.so; path = SkinAnaMPBase/m1_lib/libtensorflowlite.so; sourceTree = "<group>"; };
		263B540028CD861C004CF77D /* AnnoImage.cpp */ = {isa = PBXFileReference; fileEncoding = 4; lastKnownFileType = sourcecode.cpp.cpp; path = AnnoImage.cpp; sourceTree = "<group>"; };
		263B540128CD861C004CF77D /* AnnoImage.hpp */ = {isa = PBXFileReference; fileEncoding = 4; lastKnownFileType = sourcecode.cpp.h; path = AnnoImage.hpp; sourceTree = "<group>"; };
		263B540328CD8B34004CF77D /* Utils.hpp */ = {isa = PBXFileReference; fileEncoding = 4; lastKnownFileType = sourcecode.cpp.h; path = Utils.hpp; sourceTree = "<group>"; };
		263B540428CD8B34004CF77D /* Utils.cpp */ = {isa = PBXFileReference; fileEncoding = 4; lastKnownFileType = sourcecode.cpp.cpp; path = Utils.cpp; sourceTree = "<group>"; };
		264E012428D6C45B00CB94D1 /* EyebowMask.hpp */ = {isa = PBXFileReference; fileEncoding = 4; lastKnownFileType = sourcecode.cpp.h; path = EyebowMask.hpp; sourceTree = "<group>"; };
		264E012528D6C45B00CB94D1 /* EyebowMask.cpp */ = {isa = PBXFileReference; fileEncoding = 4; lastKnownFileType = sourcecode.cpp.cpp; path = EyebowMask.cpp; sourceTree = "<group>"; };
		265B7B9728E5B26D004F5E49 /* libtensorflowlite.so */ = {isa = PBXFileReference; lastKnownFileType = "compiled.mach-o.dylib"; name = libtensorflowlite.so; path = m1_lib/libtensorflowlite.so; sourceTree = "<group>"; };
		2662B02928E87DCC00EEE543 /* FaceLmExtractV2.hpp */ = {isa = PBXFileReference; fileEncoding = 4; lastKnownFileType = sourcecode.cpp.h; path = FaceLmExtractV2.hpp; sourceTree = "<group>"; };
		2662B02A28E87DCC00EEE543 /* FaceLmExtractV2.cpp */ = {isa = PBXFileReference; fileEncoding = 4; lastKnownFileType = sourcecode.cpp.cpp; path = FaceLmExtractV2.cpp; sourceTree = "<group>"; };
		26B65A5C28EA92900019104F /* LowerFaceMask.cpp */ = {isa = PBXFileReference; fileEncoding = 4; lastKnownFileType = sourcecode.cpp.cpp; path = LowerFaceMask.cpp; sourceTree = "<group>"; };
		26B65A5D28EA92900019104F /* LowerFaceMask.hpp */ = {isa = PBXFileReference; fileEncoding = 4; lastKnownFileType = sourcecode.cpp.h; path = LowerFaceMask.hpp; sourceTree = "<group>"; };
		26E506B028D3665B000059DA /* LM_Loader.cpp */ = {isa = PBXFileReference; fileEncoding = 4; lastKnownFileType = sourcecode.cpp.cpp; path = LM_Loader.cpp; sourceTree = "<group>"; };
		26E506B128D3665B000059DA /* LM_loader.hpp */ = {isa = PBXFileReference; fileEncoding = 4; lastKnownFileType = sourcecode.cpp.h; path = LM_loader.hpp; sourceTree = "<group>"; };
		26F7BE6428CDE49500A83344 /* Common.hpp */ = {isa = PBXFileReference; fileEncoding = 4; lastKnownFileType = sourcecode.cpp.h; path = Common.hpp; sourceTree = "<group>"; };
		CB1E2AB728DD99AB00F416DF /* ForeheadMask.cpp */ = {isa = PBXFileReference; fileEncoding = 4; lastKnownFileType = sourcecode.cpp.cpp; path = ForeheadMask.cpp; sourceTree = "<group>"; };
		CB1E2AB828DD99AB00F416DF /* ForeheadMask.hpp */ = {isa = PBXFileReference; fileEncoding = 4; lastKnownFileType = sourcecode.cpp.h; path = ForeheadMask.hpp; sourceTree = "<group>"; };
		CB255A9228C7237A005C8A81 /* SkinAnaMPBase */ = {isa = PBXFileReference; explicitFileType = "compiled.mach-o.executable"; includeInIndex = 0; path = SkinAnaMPBase; sourceTree = BUILT_PRODUCTS_DIR; };
		CB255A9528C7237A005C8A81 /* main.cpp */ = {isa = PBXFileReference; lastKnownFileType = sourcecode.cpp.cpp; path = main.cpp; sourceTree = "<group>"; };
		CB3C248E28D00BA300804E6E /* libtensorflowlite.so */ = {isa = PBXFileReference; lastKnownFileType = "compiled.mach-o.dylib"; name = libtensorflowlite.so; path = SkinAnaMPBase/intel_lib/libtensorflowlite.so; sourceTree = "<group>"; };
		CB4312A728D41A36006D71DA /* spline.h */ = {isa = PBXFileReference; fileEncoding = 4; lastKnownFileType = sourcecode.c.h; path = spline.h; sourceTree = "<group>"; };
		CB4312A828D41DDD006D71DA /* ParametricBSpline.cpp */ = {isa = PBXFileReference; fileEncoding = 4; lastKnownFileType = sourcecode.cpp.cpp; path = ParametricBSpline.cpp; sourceTree = "<group>"; };
		CB4312A928D41DDD006D71DA /* ParametricBSpline.hpp */ = {isa = PBXFileReference; fileEncoding = 4; lastKnownFileType = sourcecode.cpp.h; path = ParametricBSpline.hpp; sourceTree = "<group>"; };
		CB45E23A28E54A77004E8D25 /* FaceBgSeg.cpp */ = {isa = PBXFileReference; fileEncoding = 4; lastKnownFileType = sourcecode.cpp.cpp; path = FaceBgSeg.cpp; sourceTree = "<group>"; };
		CB45E23B28E54A77004E8D25 /* FaceBgSeg.hpp */ = {isa = PBXFileReference; fileEncoding = 4; lastKnownFileType = sourcecode.cpp.h; path = FaceBgSeg.hpp; sourceTree = "<group>"; };
		CB45E23D28E54BA7004E8D25 /* Geometry.hpp */ = {isa = PBXFileReference; fileEncoding = 4; lastKnownFileType = sourcecode.cpp.h; path = Geometry.hpp; sourceTree = "<group>"; };
		CB45E23E28E54BA7004E8D25 /* Geometry.cpp */ = {isa = PBXFileReference; fileEncoding = 4; lastKnownFileType = sourcecode.cpp.cpp; path = Geometry.cpp; sourceTree = "<group>"; };
		CB79324B28D1B07400BE136B /* libtensorflow-lite.a */ = {isa = PBXFileReference; lastKnownFileType = archive.ar; name = "libtensorflow-lite.a"; path = "SkinAnaMPBase/intel_lib/libtensorflow-lite.a"; sourceTree = "<group>"; };
		CBB5DB3B28DD5B3B003CDED3 /* FundamentalMask.hpp */ = {isa = PBXFileReference; fileEncoding = 4; lastKnownFileType = sourcecode.cpp.h; path = FundamentalMask.hpp; sourceTree = "<group>"; };
		CBB5DB3C28DD5B3B003CDED3 /* FundamentalMask.cpp */ = {isa = PBXFileReference; fileEncoding = 4; lastKnownFileType = sourcecode.cpp.cpp; path = FundamentalMask.cpp; sourceTree = "<group>"; };
		CBB5DB3E28DD5E97003CDED3 /* SkinFeatureMask.cpp */ = {isa = PBXFileReference; fileEncoding = 4; lastKnownFileType = sourcecode.cpp.cpp; path = SkinFeatureMask.cpp; sourceTree = "<group>"; };
		CBB5DB3F28DD5E97003CDED3 /* SkinFeatureMask.hpp */ = {isa = PBXFileReference; fileEncoding = 4; lastKnownFileType = sourcecode.cpp.h; path = SkinFeatureMask.hpp; sourceTree = "<group>"; };
		CBD123F128E5880E004A42A9 /* BatchRun */ = {isa = PBXFileReference; explicitFileType = "compiled.mach-o.executable"; includeInIndex = 0; path = BatchRun; sourceTree = BUILT_PRODUCTS_DIR; };
		CBD123F328E5880E004A42A9 /* main.cpp */ = {isa = PBXFileReference; lastKnownFileType = sourcecode.cpp.cpp; path = main.cpp; sourceTree = "<group>"; };
		CBD123FD28E58EEB004A42A9 /* libtensorflowlite.so */ = {isa = PBXFileReference; lastKnownFileType = "compiled.mach-o.dylib"; name = libtensorflowlite.so; path = intel_lib/libtensorflowlite.so; sourceTree = "<group>"; };
		CBD1240428E59A8C004A42A9 /* Batch.hpp */ = {isa = PBXFileReference; fileEncoding = 4; lastKnownFileType = sourcecode.cpp.h; path = Batch.hpp; sourceTree = "<group>"; };
		CBD1240528E59A8C004A42A9 /* Batch.cpp */ = {isa = PBXFileReference; fileEncoding = 4; lastKnownFileType = sourcecode.cpp.cpp; path = Batch.cpp; sourceTree = "<group>"; };
		CBDA5B2128D2F0DD002A35E2 /* TinyEXIF.cpp */ = {isa = PBXFileReference; fileEncoding = 4; lastKnownFileType = sourcecode.cpp.cpp; path = TinyEXIF.cpp; sourceTree = "<group>"; };
		CBDA5B2228D2F0DD002A35E2 /* tinyxml2.cpp */ = {isa = PBXFileReference; fileEncoding = 4; lastKnownFileType = sourcecode.cpp.cpp; path = tinyxml2.cpp; sourceTree = "<group>"; };
		CBDA5B2328D2F0DD002A35E2 /* tinyxml2.h */ = {isa = PBXFileReference; fileEncoding = 4; lastKnownFileType = sourcecode.c.h; path = tinyxml2.h; sourceTree = "<group>"; };
		CBDA5B2428D2F0DD002A35E2 /* TinyEXIF.h */ = {isa = PBXFileReference; fileEncoding = 4; lastKnownFileType = sourcecode.c.h; path = TinyEXIF.h; sourceTree = "<group>"; };
		CBDA5B2828D2F327002A35E2 /* EXIF_Extractor.cpp */ = {isa = PBXFileReference; fileEncoding = 4; lastKnownFileType = sourcecode.cpp.cpp; path = EXIF_Extractor.cpp; sourceTree = "<group>"; };
		CBDA5B2A28D2F4CD002A35E2 /* EXIF_Extractor.hpp */ = {isa = PBXFileReference; fileEncoding = 4; lastKnownFileType = sourcecode.cpp.h; path = EXIF_Extractor.hpp; sourceTree = "<group>"; };
		CBDA6B9428D5550B00BE0756 /* LMExporter */ = {isa = PBXFileReference; explicitFileType = "compiled.mach-o.executable"; includeInIndex = 0; path = LMExporter; sourceTree = BUILT_PRODUCTS_DIR; };
		CBDA6B9628D5550B00BE0756 /* main.cpp */ = {isa = PBXFileReference; lastKnownFileType = sourcecode.cpp.cpp; path = main.cpp; sourceTree = "<group>"; };
		CBDBD7AF28D561FF00F3AD03 /* LM_Exporter.cpp */ = {isa = PBXFileReference; fileEncoding = 4; lastKnownFileType = sourcecode.cpp.cpp; path = LM_Exporter.cpp; sourceTree = "<group>"; };
		CBDBD7B028D561FF00F3AD03 /* LM_Exporter.hpp */ = {isa = PBXFileReference; fileEncoding = 4; lastKnownFileType = sourcecode.cpp.h; path = LM_Exporter.hpp; sourceTree = "<group>"; };
/* End PBXFileReference section */

/* Begin PBXFrameworksBuildPhase section */
		CB255A8F28C7237A005C8A81 /* Frameworks */ = {
			isa = PBXFrameworksBuildPhase;
			buildActionMask = 2147483647;
			files = (
				26D67AE428E70CB100524E29 /* libtensorflowlite.so in Frameworks */,
			);
			runOnlyForDeploymentPostprocessing = 0;
		};
		CBD123EE28E5880E004A42A9 /* Frameworks */ = {
			isa = PBXFrameworksBuildPhase;
			buildActionMask = 2147483647;
			files = (
				26D67AE528E70D0600524E29 /* libtensorflowlite.so in Frameworks */,
			);
			runOnlyForDeploymentPostprocessing = 0;
		};
		CBDA6B9128D5550B00BE0756 /* Frameworks */ = {
			isa = PBXFrameworksBuildPhase;
			buildActionMask = 2147483647;
			files = (
				26DB15F528D69DEE00F195CF /* libtensorflowlite.so in Frameworks */,
			);
			runOnlyForDeploymentPostprocessing = 0;
		};
/* End PBXFrameworksBuildPhase section */

/* Begin PBXGroup section */
		2602327728CCC52E00B11D7A /* Frameworks */ = {
			isa = PBXGroup;
			children = (
				CBD123FD28E58EEB004A42A9 /* libtensorflowlite.so */,
				265B7B9728E5B26D004F5E49 /* libtensorflowlite.so */,
				CB79324B28D1B07400BE136B /* libtensorflow-lite.a */,
				CB3C248E28D00BA300804E6E /* libtensorflowlite.so */,
				2602327828CCC52E00B11D7A /* libtensorflowlite.so */,
			);
			name = Frameworks;
			sourceTree = "<group>";
		};
		264E012328D6C1DF00CB94D1 /* Mask */ = {
			isa = PBXGroup;
			children = (
				26B65A5C28EA92900019104F /* LowerFaceMask.cpp */,
				26B65A5D28EA92900019104F /* LowerFaceMask.hpp */,
				CB1E2AB728DD99AB00F416DF /* ForeheadMask.cpp */,
				CB1E2AB828DD99AB00F416DF /* ForeheadMask.hpp */,
				CBB5DB3E28DD5E97003CDED3 /* SkinFeatureMask.cpp */,
				CBB5DB3F28DD5E97003CDED3 /* SkinFeatureMask.hpp */,
				CBB5DB3C28DD5B3B003CDED3 /* FundamentalMask.cpp */,
				CBB5DB3B28DD5B3B003CDED3 /* FundamentalMask.hpp */,
				264E012528D6C45B00CB94D1 /* EyebowMask.cpp */,
				264E012428D6C45B00CB94D1 /* EyebowMask.hpp */,
			);
			path = Mask;
			sourceTree = "<group>";
		};
		CB255A8928C7237A005C8A81 = {
			isa = PBXGroup;
			children = (
				CB255A9428C7237A005C8A81 /* SkinAnaMPBase */,
				CBDA6B9528D5550B00BE0756 /* LMExporter */,
				CBD123F228E5880E004A42A9 /* BatchRun */,
				CB255A9328C7237A005C8A81 /* Products */,
				2602327728CCC52E00B11D7A /* Frameworks */,
			);
			sourceTree = "<group>";
		};
		CB255A9328C7237A005C8A81 /* Products */ = {
			isa = PBXGroup;
			children = (
				CB255A9228C7237A005C8A81 /* SkinAnaMPBase */,
				CBDA6B9428D5550B00BE0756 /* LMExporter */,
				CBD123F128E5880E004A42A9 /* BatchRun */,
			);
			name = Products;
			sourceTree = "<group>";
		};
		CB255A9428C7237A005C8A81 /* SkinAnaMPBase */ = {
			isa = PBXGroup;
			children = (
				2662B02A28E87DCC00EEE543 /* FaceLmExtractV2.cpp */,
				2662B02928E87DCC00EEE543 /* FaceLmExtractV2.hpp */,
				CB45E23928E54A09004E8D25 /* FaceBgSeg */,
				264E012328D6C1DF00CB94D1 /* Mask */,
				CB4312A628D419A0006D71DA /* BSpline */,
				CBDA5B2028D2F055002A35E2 /* EXIF */,
				CBDA5B2828D2F327002A35E2 /* EXIF_Extractor.cpp */,
				CBDA5B2A28D2F4CD002A35E2 /* EXIF_Extractor.hpp */,
				CB45E23E28E54BA7004E8D25 /* Geometry.cpp */,
				CB45E23D28E54BA7004E8D25 /* Geometry.hpp */,
				26E506B028D3665B000059DA /* LM_Loader.cpp */,
				26E506B128D3665B000059DA /* LM_loader.hpp */,
				26F7BE6428CDE49500A83344 /* Common.hpp */,
				263B540428CD8B34004CF77D /* Utils.cpp */,
				263B540328CD8B34004CF77D /* Utils.hpp */,
				263B540028CD861C004CF77D /* AnnoImage.cpp */,
				263B540128CD861C004CF77D /* AnnoImage.hpp */,
				2602327528CCBFB100B11D7A /* HeadPoseEst.cpp */,
				2602327428CCBFB100B11D7A /* HeadPoseEst.hpp */,
				CB255A9528C7237A005C8A81 /* main.cpp */,
			);
			path = SkinAnaMPBase;
			sourceTree = "<group>";
		};
		CB4312A628D419A0006D71DA /* BSpline */ = {
			isa = PBXGroup;
			children = (
				CB4312A828D41DDD006D71DA /* ParametricBSpline.cpp */,
				CB4312A928D41DDD006D71DA /* ParametricBSpline.hpp */,
				CB4312A728D41A36006D71DA /* spline.h */,
			);
			path = BSpline;
			sourceTree = "<group>";
		};
		CB45E23928E54A09004E8D25 /* FaceBgSeg */ = {
			isa = PBXGroup;
			children = (
				CB45E23A28E54A77004E8D25 /* FaceBgSeg.cpp */,
				CB45E23B28E54A77004E8D25 /* FaceBgSeg.hpp */,
			);
			path = FaceBgSeg;
			sourceTree = "<group>";
		};
		CBD123F228E5880E004A42A9 /* BatchRun */ = {
			isa = PBXGroup;
			children = (
				CBD1240528E59A8C004A42A9 /* Batch.cpp */,
				CBD1240428E59A8C004A42A9 /* Batch.hpp */,
				CBD123F328E5880E004A42A9 /* main.cpp */,
			);
			path = BatchRun;
			sourceTree = "<group>";
		};
		CBDA5B2028D2F055002A35E2 /* EXIF */ = {
			isa = PBXGroup;
			children = (
				CBDA5B2128D2F0DD002A35E2 /* TinyEXIF.cpp */,
				CBDA5B2428D2F0DD002A35E2 /* TinyEXIF.h */,
				CBDA5B2228D2F0DD002A35E2 /* tinyxml2.cpp */,
				CBDA5B2328D2F0DD002A35E2 /* tinyxml2.h */,
			);
			path = EXIF;
			sourceTree = "<group>";
		};
		CBDA6B9528D5550B00BE0756 /* LMExporter */ = {
			isa = PBXGroup;
			children = (
				CBDBD7AF28D561FF00F3AD03 /* LM_Exporter.cpp */,
				CBDBD7B028D561FF00F3AD03 /* LM_Exporter.hpp */,
				CBDA6B9628D5550B00BE0756 /* main.cpp */,
			);
			path = LMExporter;
			sourceTree = "<group>";
		};
/* End PBXGroup section */

/* Begin PBXNativeTarget section */
		CB255A9128C7237A005C8A81 /* SkinAnaMPBase */ = {
			isa = PBXNativeTarget;
			buildConfigurationList = CB255A9928C7237A005C8A81 /* Build configuration list for PBXNativeTarget "SkinAnaMPBase" */;
			buildPhases = (
				CB255A8E28C7237A005C8A81 /* Sources */,
				CB255A8F28C7237A005C8A81 /* Frameworks */,
				CB255A9028C7237A005C8A81 /* CopyFiles */,
				2602327A28CCCB7000B11D7A /* ShellScript */,
			);
			buildRules = (
			);
			dependencies = (
			);
			name = SkinAnaMPBase;
			productName = SkinAnaMPBase;
			productReference = CB255A9228C7237A005C8A81 /* SkinAnaMPBase */;
			productType = "com.apple.product-type.tool";
		};
		CBD123F028E5880E004A42A9 /* BatchRun */ = {
			isa = PBXNativeTarget;
			buildConfigurationList = CBD123F728E5880E004A42A9 /* Build configuration list for PBXNativeTarget "BatchRun" */;
			buildPhases = (
				CBD123ED28E5880E004A42A9 /* Sources */,
				CBD123EE28E5880E004A42A9 /* Frameworks */,
				CBD123EF28E5880E004A42A9 /* CopyFiles */,
				CBD123F828E58A53004A42A9 /* ShellScript */,
			);
			buildRules = (
			);
			dependencies = (
			);
			name = BatchRun;
			productName = BatchRun;
			productReference = CBD123F128E5880E004A42A9 /* BatchRun */;
			productType = "com.apple.product-type.tool";
		};
		CBDA6B9328D5550B00BE0756 /* LMExporter */ = {
			isa = PBXNativeTarget;
			buildConfigurationList = CBDA6B9828D5550B00BE0756 /* Build configuration list for PBXNativeTarget "LMExporter" */;
			buildPhases = (
				CBDA6B9028D5550B00BE0756 /* Sources */,
				CBDA6B9128D5550B00BE0756 /* Frameworks */,
				CBDA6B9228D5550B00BE0756 /* CopyFiles */,
				CBDA6B9B28D557D600BE0756 /* ShellScript */,
			);
			buildRules = (
			);
			dependencies = (
			);
			name = LMExporter;
			productName = LMExporter;
			productReference = CBDA6B9428D5550B00BE0756 /* LMExporter */;
			productType = "com.apple.product-type.tool";
		};
/* End PBXNativeTarget section */

/* Begin PBXProject section */
		CB255A8A28C7237A005C8A81 /* Project object */ = {
			isa = PBXProject;
			attributes = {
				BuildIndependentTargetsInParallel = 1;
				LastUpgradeCheck = 1340;
				TargetAttributes = {
					CB255A9128C7237A005C8A81 = {
						CreatedOnToolsVersion = 13.4.1;
					};
					CBD123F028E5880E004A42A9 = {
						CreatedOnToolsVersion = 14.0.1;
					};
					CBDA6B9328D5550B00BE0756 = {
						CreatedOnToolsVersion = 14.0;
					};
				};
			};
			buildConfigurationList = CB255A8D28C7237A005C8A81 /* Build configuration list for PBXProject "SkinAnaMPBase" */;
			compatibilityVersion = "Xcode 13.0";
			developmentRegion = en;
			hasScannedForEncodings = 0;
			knownRegions = (
				en,
				Base,
			);
			mainGroup = CB255A8928C7237A005C8A81;
			productRefGroup = CB255A9328C7237A005C8A81 /* Products */;
			projectDirPath = "";
			projectRoot = "";
			targets = (
				CB255A9128C7237A005C8A81 /* SkinAnaMPBase */,
				CBDA6B9328D5550B00BE0756 /* LMExporter */,
				CBD123F028E5880E004A42A9 /* BatchRun */,
			);
		};
/* End PBXProject section */

/* Begin PBXShellScriptBuildPhase section */
		2602327A28CCCB7000B11D7A /* ShellScript */ = {
			isa = PBXShellScriptBuildPhase;
			buildActionMask = 2147483647;
			files = (
			);
			inputFileListPaths = (
			);
			inputPaths = (
			);
			outputFileListPaths = (
			);
			outputPaths = (
			);
			runOnlyForDeploymentPostprocessing = 0;
			shellPath = /bin/sh;
			shellScript = "# Type a script or drag a script file from your workspace to insert its path.\ncp ${TARGET_BUILD_DIR}/${TARGET_NAME} ${PROJECT_DIR}/bin/${TARGET_NAME}\n";
		};
		CBD123F828E58A53004A42A9 /* ShellScript */ = {
			isa = PBXShellScriptBuildPhase;
			buildActionMask = 2147483647;
			files = (
			);
			inputFileListPaths = (
			);
			inputPaths = (
			);
			outputFileListPaths = (
			);
			outputPaths = (
			);
			runOnlyForDeploymentPostprocessing = 0;
			shellPath = /bin/sh;
			shellScript = "# Type a script or drag a script file from your workspace to insert its path.\ncp ${TARGET_BUILD_DIR}/${TARGET_NAME} ${PROJECT_DIR}/bin/${TARGET_NAME}\n";
		};
		CBDA6B9B28D557D600BE0756 /* ShellScript */ = {
			isa = PBXShellScriptBuildPhase;
			buildActionMask = 2147483647;
			files = (
			);
			inputFileListPaths = (
			);
			inputPaths = (
			);
			outputFileListPaths = (
			);
			outputPaths = (
			);
			runOnlyForDeploymentPostprocessing = 0;
			shellPath = /bin/sh;
			shellScript = "# Type a script or drag a script file from your workspace to insert its path.\ncp ${TARGET_BUILD_DIR}/${TARGET_NAME} ${PROJECT_DIR}/bin/${TARGET_NAME}\n";
		};
/* End PBXShellScriptBuildPhase section */

/* Begin PBXSourcesBuildPhase section */
		CB255A8E28C7237A005C8A81 /* Sources */ = {
			isa = PBXSourcesBuildPhase;
			buildActionMask = 2147483647;
			files = (
				CB255A9628C7237A005C8A81 /* main.cpp in Sources */,
				26E506B228D3665B000059DA /* LM_Loader.cpp in Sources */,
				263B540228CD861C004CF77D /* AnnoImage.cpp in Sources */,
				264E012628D6C45B00CB94D1 /* EyebowMask.cpp in Sources */,
				26B65A5E28EA92900019104F /* LowerFaceMask.cpp in Sources */,
				CBDA5B2928D2F327002A35E2 /* EXIF_Extractor.cpp in Sources */,
				CB45E23C28E54A77004E8D25 /* FaceBgSeg.cpp in Sources */,
				2602327628CCBFB100B11D7A /* HeadPoseEst.cpp in Sources */,
				CBDA5B2528D2F0DD002A35E2 /* TinyEXIF.cpp in Sources */,
				CB4312AA28D41DDD006D71DA /* ParametricBSpline.cpp in Sources */,
				CB45E23F28E54BA7004E8D25 /* Geometry.cpp in Sources */,
				263B540528CD8B34004CF77D /* Utils.cpp in Sources */,
				CBB5DB4028DD5E97003CDED3 /* SkinFeatureMask.cpp in Sources */,
				CB1E2AB928DD99AB00F416DF /* ForeheadMask.cpp in Sources */,
				CBDA5B2628D2F0DD002A35E2 /* tinyxml2.cpp in Sources */,
				CBB5DB3D28DD5B3B003CDED3 /* FundamentalMask.cpp in Sources */,
				2662B02B28E87DCC00EEE543 /* FaceLmExtractV2.cpp in Sources */,
			);
			runOnlyForDeploymentPostprocessing = 0;
		};
		CBD123ED28E5880E004A42A9 /* Sources */ = {
			isa = PBXSourcesBuildPhase;
			buildActionMask = 2147483647;
			files = (
				26B65A5F28EA983E0019104F /* LowerFaceMask.cpp in Sources */,
				2662B02C28E8800300EEE543 /* FaceLmExtractV2.cpp in Sources */,
				CBF8FB8128E68E25002B58B5 /* ParametricBSpline.cpp in Sources */,
				CBF8FB7D28E68DFC002B58B5 /* ForeheadMask.cpp in Sources */,
				CBF8FB7F28E68DFC002B58B5 /* FundamentalMask.cpp in Sources */,
				CBF8FB7B28E68DE7002B58B5 /* EyebowMask.cpp in Sources */,
				CBF8FB7928E68DCB002B58B5 /* SkinFeatureMask.cpp in Sources */,
				265B7B9C28E5C9D2004F5E49 /* AnnoImage.cpp in Sources */,
				265B7B9A28E5C971004F5E49 /* HeadPoseEst.cpp in Sources */,
				CBD1240228E5994E004A42A9 /* Utils.cpp in Sources */,
				CBD123FB28E58D12004A42A9 /* Geometry.cpp in Sources */,
				CBD1240628E59A8C004A42A9 /* Batch.cpp in Sources */,
				CBD123F928E58CCC004A42A9 /* FaceBgSeg.cpp in Sources */,
				CBD123F428E5880E004A42A9 /* main.cpp in Sources */,
			);
			runOnlyForDeploymentPostprocessing = 0;
		};
		CBDA6B9028D5550B00BE0756 /* Sources */ = {
			isa = PBXSourcesBuildPhase;
			buildActionMask = 2147483647;
			files = (
				CBDA6BA028D5603600BE0756 /* Utils.cpp in Sources */,
				CBDA6B9E28D55FDC00BE0756 /* HeadPoseEst.cpp in Sources */,
				CBDA6B9728D5550B00BE0756 /* main.cpp in Sources */,
				CBDBD7B128D561FF00F3AD03 /* LM_Exporter.cpp in Sources */,
			);
			runOnlyForDeploymentPostprocessing = 0;
		};
/* End PBXSourcesBuildPhase section */

/* Begin XCBuildConfiguration section */
		CB255A9728C7237A005C8A81 /* Debug */ = {
			isa = XCBuildConfiguration;
			buildSettings = {
				ALWAYS_SEARCH_USER_PATHS = NO;
				CLANG_ANALYZER_NONNULL = YES;
				CLANG_ANALYZER_NUMBER_OBJECT_CONVERSION = YES_AGGRESSIVE;
				CLANG_CXX_LANGUAGE_STANDARD = "gnu++17";
				CLANG_ENABLE_MODULES = YES;
				CLANG_ENABLE_OBJC_ARC = YES;
				CLANG_ENABLE_OBJC_WEAK = YES;
				CLANG_WARN_BLOCK_CAPTURE_AUTORELEASING = YES;
				CLANG_WARN_BOOL_CONVERSION = YES;
				CLANG_WARN_COMMA = YES;
				CLANG_WARN_CONSTANT_CONVERSION = YES;
				CLANG_WARN_DEPRECATED_OBJC_IMPLEMENTATIONS = YES;
				CLANG_WARN_DIRECT_OBJC_ISA_USAGE = YES_ERROR;
				CLANG_WARN_DOCUMENTATION_COMMENTS = YES;
				CLANG_WARN_EMPTY_BODY = YES;
				CLANG_WARN_ENUM_CONVERSION = YES;
				CLANG_WARN_INFINITE_RECURSION = YES;
				CLANG_WARN_INT_CONVERSION = YES;
				CLANG_WARN_NON_LITERAL_NULL_CONVERSION = YES;
				CLANG_WARN_OBJC_IMPLICIT_RETAIN_SELF = YES;
				CLANG_WARN_OBJC_LITERAL_CONVERSION = YES;
				CLANG_WARN_OBJC_ROOT_CLASS = YES_ERROR;
				CLANG_WARN_QUOTED_INCLUDE_IN_FRAMEWORK_HEADER = YES;
				CLANG_WARN_RANGE_LOOP_ANALYSIS = YES;
				CLANG_WARN_STRICT_PROTOTYPES = YES;
				CLANG_WARN_SUSPICIOUS_MOVE = YES;
				CLANG_WARN_UNGUARDED_AVAILABILITY = YES_AGGRESSIVE;
				CLANG_WARN_UNREACHABLE_CODE = YES;
				CLANG_WARN__DUPLICATE_METHOD_MATCH = YES;
				COPY_PHASE_STRIP = NO;
				DEBUG_INFORMATION_FORMAT = dwarf;
				ENABLE_STRICT_OBJC_MSGSEND = YES;
				ENABLE_TESTABILITY = YES;
				GCC_C_LANGUAGE_STANDARD = gnu11;
				GCC_DYNAMIC_NO_PIC = NO;
				GCC_NO_COMMON_BLOCKS = YES;
				GCC_OPTIMIZATION_LEVEL = 0;
				GCC_PREPROCESSOR_DEFINITIONS = (
					"DEBUG=1",
					"$(inherited)",
				);
				GCC_WARN_64_TO_32_BIT_CONVERSION = YES;
				GCC_WARN_ABOUT_RETURN_TYPE = YES_ERROR;
				GCC_WARN_UNDECLARED_SELECTOR = YES;
				GCC_WARN_UNINITIALIZED_AUTOS = YES_AGGRESSIVE;
				GCC_WARN_UNUSED_FUNCTION = YES;
				GCC_WARN_UNUSED_VARIABLE = YES;
				MACOSX_DEPLOYMENT_TARGET = 12.3;
				MTL_ENABLE_DEBUG_INFO = INCLUDE_SOURCE;
				MTL_FAST_MATH = YES;
				ONLY_ACTIVE_ARCH = YES;
				SDKROOT = macosx;
			};
			name = Debug;
		};
		CB255A9828C7237A005C8A81 /* Release */ = {
			isa = XCBuildConfiguration;
			buildSettings = {
				ALWAYS_SEARCH_USER_PATHS = NO;
				CLANG_ANALYZER_NONNULL = YES;
				CLANG_ANALYZER_NUMBER_OBJECT_CONVERSION = YES_AGGRESSIVE;
				CLANG_CXX_LANGUAGE_STANDARD = "gnu++17";
				CLANG_ENABLE_MODULES = YES;
				CLANG_ENABLE_OBJC_ARC = YES;
				CLANG_ENABLE_OBJC_WEAK = YES;
				CLANG_WARN_BLOCK_CAPTURE_AUTORELEASING = YES;
				CLANG_WARN_BOOL_CONVERSION = YES;
				CLANG_WARN_COMMA = YES;
				CLANG_WARN_CONSTANT_CONVERSION = YES;
				CLANG_WARN_DEPRECATED_OBJC_IMPLEMENTATIONS = YES;
				CLANG_WARN_DIRECT_OBJC_ISA_USAGE = YES_ERROR;
				CLANG_WARN_DOCUMENTATION_COMMENTS = YES;
				CLANG_WARN_EMPTY_BODY = YES;
				CLANG_WARN_ENUM_CONVERSION = YES;
				CLANG_WARN_INFINITE_RECURSION = YES;
				CLANG_WARN_INT_CONVERSION = YES;
				CLANG_WARN_NON_LITERAL_NULL_CONVERSION = YES;
				CLANG_WARN_OBJC_IMPLICIT_RETAIN_SELF = YES;
				CLANG_WARN_OBJC_LITERAL_CONVERSION = YES;
				CLANG_WARN_OBJC_ROOT_CLASS = YES_ERROR;
				CLANG_WARN_QUOTED_INCLUDE_IN_FRAMEWORK_HEADER = YES;
				CLANG_WARN_RANGE_LOOP_ANALYSIS = YES;
				CLANG_WARN_STRICT_PROTOTYPES = YES;
				CLANG_WARN_SUSPICIOUS_MOVE = YES;
				CLANG_WARN_UNGUARDED_AVAILABILITY = YES_AGGRESSIVE;
				CLANG_WARN_UNREACHABLE_CODE = YES;
				CLANG_WARN__DUPLICATE_METHOD_MATCH = YES;
				COPY_PHASE_STRIP = NO;
				DEBUG_INFORMATION_FORMAT = "dwarf-with-dsym";
				ENABLE_NS_ASSERTIONS = NO;
				ENABLE_STRICT_OBJC_MSGSEND = YES;
				GCC_C_LANGUAGE_STANDARD = gnu11;
				GCC_NO_COMMON_BLOCKS = YES;
				GCC_WARN_64_TO_32_BIT_CONVERSION = YES;
				GCC_WARN_ABOUT_RETURN_TYPE = YES_ERROR;
				GCC_WARN_UNDECLARED_SELECTOR = YES;
				GCC_WARN_UNINITIALIZED_AUTOS = YES_AGGRESSIVE;
				GCC_WARN_UNUSED_FUNCTION = YES;
				GCC_WARN_UNUSED_VARIABLE = YES;
				MACOSX_DEPLOYMENT_TARGET = 12.3;
				MTL_ENABLE_DEBUG_INFO = NO;
				MTL_FAST_MATH = YES;
				SDKROOT = macosx;
			};
			name = Release;
		};
		CB255A9A28C7237A005C8A81 /* Debug */ = {
			isa = XCBuildConfiguration;
			buildSettings = {
				CODE_SIGN_STYLE = Automatic;
				EXCLUDED_ARCHS = "";
				HEADER_SEARCH_PATHS = (
					/usr/local/Cellar/opencv/4.6.0/include/opencv4,
					"${PROJECT_DIR}/include",
					/Users/fuliye/nlohmann_json/include,
				);
				LIBRARY_SEARCH_PATHS = (
					/usr/local/Cellar/opencv/4.6.0/lib,
					"$(PROJECT_DIR)/m1_lib",
					"$(PROJECT_DIR)/intel_lib",
				);
				OTHER_LDFLAGS = (
					"-lopencv_core",
					"-lopencv_imgcodecs",
					"-lopencv_calib3d",
					"-lopencv_highgui",
					"-lopencv_imgproc",
					"-lopencv_dnn",
				);
				PRODUCT_NAME = "$(TARGET_NAME)";
			};
			name = Debug;
		};
		CB255A9B28C7237A005C8A81 /* Release */ = {
			isa = XCBuildConfiguration;
			buildSettings = {
				CODE_SIGN_STYLE = Automatic;
				EXCLUDED_ARCHS = "";
				HEADER_SEARCH_PATHS = (
					/usr/local/Cellar/opencv/4.6.0/include/opencv4,
					"${PROJECT_DIR}/include",
					/Users/fuliye/nlohmann_json/include,
				);
				LIBRARY_SEARCH_PATHS = (
					/usr/local/Cellar/opencv/4.6.0/lib,
					"$(PROJECT_DIR)/m1_lib",
					"$(PROJECT_DIR)/intel_lib",
				);
				OTHER_LDFLAGS = (
					"-lopencv_core",
					"-lopencv_imgcodecs",
					"-lopencv_calib3d",
					"-lopencv_highgui",
					"-lopencv_imgproc",
					"-lopencv_dnn",
				);
				PRODUCT_NAME = "$(TARGET_NAME)";
			};
			name = Release;
		};
		CBD123F528E5880E004A42A9 /* Debug */ = {
			isa = XCBuildConfiguration;
			buildSettings = {
				CLANG_CXX_LANGUAGE_STANDARD = "c++17";
				CODE_SIGN_STYLE = Automatic;
				HEADER_SEARCH_PATHS = (
					/usr/local/Cellar/opencv/4.6.0/include/opencv4,
					"${PROJECT_DIR}/include",
					/Users/fuliye/nlohmann_json/include,
				);
				LIBRARY_SEARCH_PATHS = (
					/usr/local/Cellar/opencv/4.6.0/lib,
					"$(PROJECT_DIR)/intel_lib",
					"$(PROJECT_DIR)/m1_lib",
				);
				OTHER_LDFLAGS = (
					"-lopencv_core",
					"-lopencv_imgcodecs",
					"-lopencv_calib3d",
					"-lopencv_highgui",
					"-lopencv_imgproc",
					"-lopencv_dnn",
				);
				PRODUCT_NAME = "$(TARGET_NAME)";
			};
			name = Debug;
		};
		CBD123F628E5880E004A42A9 /* Release */ = {
			isa = XCBuildConfiguration;
			buildSettings = {
				CLANG_CXX_LANGUAGE_STANDARD = "c++17";
				CODE_SIGN_STYLE = Automatic;
				HEADER_SEARCH_PATHS = (
					/usr/local/Cellar/opencv/4.6.0/include/opencv4,
					"${PROJECT_DIR}/include",
					/Users/fuliye/nlohmann_json/include,
				);
				LIBRARY_SEARCH_PATHS = (
					/usr/local/Cellar/opencv/4.6.0/lib,
					"$(PROJECT_DIR)/intel_lib",
					"$(PROJECT_DIR)/m1_lib",
				);
				OTHER_LDFLAGS = (
					"-lopencv_core",
					"-lopencv_imgcodecs",
					"-lopencv_calib3d",
					"-lopencv_highgui",
					"-lopencv_imgproc",
					"-lopencv_dnn",
				);
				PRODUCT_NAME = "$(TARGET_NAME)";
			};
			name = Release;
		};
		CBDA6B9928D5550B00BE0756 /* Debug */ = {
			isa = XCBuildConfiguration;
			buildSettings = {
				CLANG_CXX_LANGUAGE_STANDARD = "gnu++20";
				CODE_SIGN_STYLE = Automatic;
				HEADER_SEARCH_PATHS = (
					/usr/local/Cellar/opencv/4.6.0/include/opencv4,
					"${PROJECT_DIR}/SkinAnaMPBase/include",
					/Users/meicet/nlohmann_json/include,
				);
				LIBRARY_SEARCH_PATHS = (
					/opt/homebrew/Cellar/opencv/4.6.0/lib,
					"$(PROJECT_DIR)/SkinAnaMPBase/intel_lib",
					"$(PROJECT_DIR)/SkinAnaMPBase/m1_lib",
				);
				OTHER_LDFLAGS = (
					"-lopencv_core",
					"-lopencv_imgcodecs",
					"-lopencv_calib3d",
					"-lopencv_highgui",
					"-lopencv_imgproc",
				);
				PRODUCT_NAME = "$(TARGET_NAME)";
			};
			name = Debug;
		};
		CBDA6B9A28D5550B00BE0756 /* Release */ = {
			isa = XCBuildConfiguration;
			buildSettings = {
				CLANG_CXX_LANGUAGE_STANDARD = "gnu++20";
				CODE_SIGN_STYLE = Automatic;
				HEADER_SEARCH_PATHS = (
					/usr/local/Cellar/opencv/4.6.0/include/opencv4,
					"${PROJECT_DIR}/SkinAnaMPBase/include",
					/Users/meicet/nlohmann_json/include,
				);
				LIBRARY_SEARCH_PATHS = (
					/opt/homebrew/Cellar/opencv/4.6.0/lib,
					"$(PROJECT_DIR)/SkinAnaMPBase/intel_lib",
					"$(PROJECT_DIR)/SkinAnaMPBase/m1_lib",
				);
				OTHER_LDFLAGS = (
					"-lopencv_core",
					"-lopencv_imgcodecs",
					"-lopencv_calib3d",
					"-lopencv_highgui",
					"-lopencv_imgproc",
				);
				PRODUCT_NAME = "$(TARGET_NAME)";
			};
			name = Release;
		};
/* End XCBuildConfiguration section */

/* Begin XCConfigurationList section */
		CB255A8D28C7237A005C8A81 /* Build configuration list for PBXProject "SkinAnaMPBase" */ = {
			isa = XCConfigurationList;
			buildConfigurations = (
				CB255A9728C7237A005C8A81 /* Debug */,
				CB255A9828C7237A005C8A81 /* Release */,
			);
			defaultConfigurationIsVisible = 0;
			defaultConfigurationName = Release;
		};
		CB255A9928C7237A005C8A81 /* Build configuration list for PBXNativeTarget "SkinAnaMPBase" */ = {
			isa = XCConfigurationList;
			buildConfigurations = (
				CB255A9A28C7237A005C8A81 /* Debug */,
				CB255A9B28C7237A005C8A81 /* Release */,
			);
			defaultConfigurationIsVisible = 0;
			defaultConfigurationName = Release;
		};
		CBD123F728E5880E004A42A9 /* Build configuration list for PBXNativeTarget "BatchRun" */ = {
			isa = XCConfigurationList;
			buildConfigurations = (
				CBD123F528E5880E004A42A9 /* Debug */,
				CBD123F628E5880E004A42A9 /* Release */,
			);
			defaultConfigurationIsVisible = 0;
			defaultConfigurationName = Release;
		};
		CBDA6B9828D5550B00BE0756 /* Build configuration list for PBXNativeTarget "LMExporter" */ = {
			isa = XCConfigurationList;
			buildConfigurations = (
				CBDA6B9928D5550B00BE0756 /* Debug */,
				CBDA6B9A28D5550B00BE0756 /* Release */,
			);
			defaultConfigurationIsVisible = 0;
			defaultConfigurationName = Release;
		};
/* End XCConfigurationList section */
	};
	rootObject = CB255A8A28C7237A005C8A81 /* Project object */;
}
