// !$*UTF8*$!
{
	archiveVersion = 1;
	classes = {
	};
	objectVersion = 55;
	objects = {

/* Begin PBXBuildFile section */
		2602327628CCBFB100B11D7A /* HeadPoseEst.cpp in Sources */ = {isa = PBXBuildFile; fileRef = 2602327528CCBFB100B11D7A /* HeadPoseEst.cpp */; };
		2606575B28F7122400019FFE /* PolarPtSeq.cpp in Sources */ = {isa = PBXBuildFile; fileRef = 2606575928F7122400019FFE /* PolarPtSeq.cpp */; };
		263B540228CD861C004CF77D /* AnnoImage.cpp in Sources */ = {isa = PBXBuildFile; fileRef = 263B540028CD861C004CF77D /* AnnoImage.cpp */; };
		263B540528CD8B34004CF77D /* Utils.cpp in Sources */ = {isa = PBXBuildFile; fileRef = 263B540428CD8B34004CF77D /* Utils.cpp */; };
		263BD86729165AD100AF1FEE /* WrinkleFrangi.cpp in Sources */ = {isa = PBXBuildFile; fileRef = 263BD86329165AD100AF1FEE /* WrinkleFrangi.cpp */; };
		263BD86829165AD100AF1FEE /* WrinkleGabor.cpp in Sources */ = {isa = PBXBuildFile; fileRef = 263BD86529165AD100AF1FEE /* WrinkleGabor.cpp */; };
		263BD86B2916642800AF1FEE /* ImgProc.cpp in Sources */ = {isa = PBXBuildFile; fileRef = 263BD8692916642800AF1FEE /* ImgProc.cpp */; };
		265B7B9A28E5C971004F5E49 /* HeadPoseEst.cpp in Sources */ = {isa = PBXBuildFile; fileRef = 2602327528CCBFB100B11D7A /* HeadPoseEst.cpp */; };
		265B7B9C28E5C9D2004F5E49 /* AnnoImage.cpp in Sources */ = {isa = PBXBuildFile; fileRef = 263B540028CD861C004CF77D /* AnnoImage.cpp */; };
		2680A22E28EFC54B00A305EB /* FaceLmExtractV2.cpp in Sources */ = {isa = PBXBuildFile; fileRef = 2680A22C28EFC54B00A305EB /* FaceLmExtractV2.cpp */; };
		2680A22F28EFC55A00A305EB /* FaceLmExtractV2.cpp in Sources */ = {isa = PBXBuildFile; fileRef = 2680A22C28EFC54B00A305EB /* FaceLmExtractV2.cpp */; };
		26827DF4291D1C9D0063F345 /* libtensorflowlite.so in Frameworks */ = {isa = PBXBuildFile; fileRef = 265B7B9728E5B26D004F5E49 /* libtensorflowlite.so */; };
		269CC10F29175DB000BA8AA2 /* WrinkleMask.cpp in Sources */ = {isa = PBXBuildFile; fileRef = 269CC10E29175DB000BA8AA2 /* WrinkleMask.cpp */; };
		26B2C4A32915F3420048B37C /* cvgabor.cpp in Sources */ = {isa = PBXBuildFile; fileRef = 26B2C4A22915F3420048B37C /* cvgabor.cpp */; };
		26B2C4A92915F4680048B37C /* Wrinkle.cpp in Sources */ = {isa = PBXBuildFile; fileRef = 26B2C4A82915F4680048B37C /* Wrinkle.cpp */; };
		26B2C4AC2915F9590048B37C /* frangi.cpp in Sources */ = {isa = PBXBuildFile; fileRef = 26B2C4AB2915F9590048B37C /* frangi.cpp */; };
		26B65A5E28EA92900019104F /* LowerFaceMask.cpp in Sources */ = {isa = PBXBuildFile; fileRef = 26B65A5C28EA92900019104F /* LowerFaceMask.cpp */; };
		26B65A5F28EA983E0019104F /* LowerFaceMask.cpp in Sources */ = {isa = PBXBuildFile; fileRef = 26B65A5C28EA92900019104F /* LowerFaceMask.cpp */; };
		26D773AE2912A1450051177F /* SmEyePg.cpp in Sources */ = {isa = PBXBuildFile; fileRef = 26D773AC2912A1450051177F /* SmEyePg.cpp */; };
		26DB15F528D69DEE00F195CF /* libtensorflowlite.so in Frameworks */ = {isa = PBXBuildFile; fileRef = 2602327828CCC52E00B11D7A /* libtensorflowlite.so */; };
		CB02B84F290677E9001F8E61 /* polyitems_fit.cpp in Sources */ = {isa = PBXBuildFile; fileRef = CB02B84E290677E9001F8E61 /* polyitems_fit.cpp */; };
		CB1E2AB928DD99AB00F416DF /* ForeheadMask.cpp in Sources */ = {isa = PBXBuildFile; fileRef = CB1E2AB728DD99AB00F416DF /* ForeheadMask.cpp */; };
		CB255A9628C7237A005C8A81 /* main.cpp in Sources */ = {isa = PBXBuildFile; fileRef = CB255A9528C7237A005C8A81 /* main.cpp */; };
		CB2F690D29125C4D00E35FC3 /* Chaikin.cpp in Sources */ = {isa = PBXBuildFile; fileRef = CB2F690C29125C4C00E35FC3 /* Chaikin.cpp */; };
		CB2F690E29125C5700E35FC3 /* Chaikin.cpp in Sources */ = {isa = PBXBuildFile; fileRef = CB2F690C29125C4C00E35FC3 /* Chaikin.cpp */; };
		CB3CACFE28F8ED04000A8BF0 /* libtensorflowlite.so in Frameworks */ = {isa = PBXBuildFile; fileRef = CBD123FD28E58EEB004A42A9 /* libtensorflowlite.so */; };
		CB4312AA28D41DDD006D71DA /* ParametricBSpline.cpp in Sources */ = {isa = PBXBuildFile; fileRef = CB4312A828D41DDD006D71DA /* ParametricBSpline.cpp */; };
		CB443CE22913545300E9B24B /* EyebrowMaskV8.cpp in Sources */ = {isa = PBXBuildFile; fileRef = CB443CE02913545300E9B24B /* EyebrowMaskV8.cpp */; };
		CB45E23F28E54BA7004E8D25 /* Geometry.cpp in Sources */ = {isa = PBXBuildFile; fileRef = CB45E23E28E54BA7004E8D25 /* Geometry.cpp */; };
		CB62F4712908D04600828C4C /* activecontours.cpp in Sources */ = {isa = PBXBuildFile; fileRef = CB62F4672908D04600828C4C /* activecontours.cpp */; };
		CB62F4722908D04600828C4C /* sobel.cpp in Sources */ = {isa = PBXBuildFile; fileRef = CB62F46A2908D04600828C4C /* sobel.cpp */; };
		CB7F673F28F4165500060E7C /* SegHelper.cpp in Sources */ = {isa = PBXBuildFile; fileRef = CB9D430828F3F9DA00CD3B13 /* SegHelper.cpp */; };
		CB9D430628F3F6B000CD3B13 /* FaceBgSegV2.cpp in Sources */ = {isa = PBXBuildFile; fileRef = CB9D430528F3F6B000CD3B13 /* FaceBgSegV2.cpp */; };
		CB9D430728F3F77C00CD3B13 /* FaceBgSegV2.cpp in Sources */ = {isa = PBXBuildFile; fileRef = CB9D430528F3F6B000CD3B13 /* FaceBgSegV2.cpp */; };
		CB9D430928F3F9DA00CD3B13 /* SegHelper.cpp in Sources */ = {isa = PBXBuildFile; fileRef = CB9D430828F3F9DA00CD3B13 /* SegHelper.cpp */; };
		CBB5DB3D28DD5B3B003CDED3 /* FundamentalMask.cpp in Sources */ = {isa = PBXBuildFile; fileRef = CBB5DB3C28DD5B3B003CDED3 /* FundamentalMask.cpp */; };
		CBB5DB4028DD5E97003CDED3 /* SkinFeatureMask.cpp in Sources */ = {isa = PBXBuildFile; fileRef = CBB5DB3E28DD5E97003CDED3 /* SkinFeatureMask.cpp */; };
		CBBF6C5428F13E370036619C /* SkinMask.cpp in Sources */ = {isa = PBXBuildFile; fileRef = CBBF6C5228F13E370036619C /* SkinMask.cpp */; };
		CBBF6C5528F154940036619C /* SkinMask.cpp in Sources */ = {isa = PBXBuildFile; fileRef = CBBF6C5228F13E370036619C /* SkinMask.cpp */; };
		CBC3D53E290BCC810056D14E /* GaussField.cpp in Sources */ = {isa = PBXBuildFile; fileRef = CBC3D53C290BCC810056D14E /* GaussField.cpp */; };
		CBD123F428E5880E004A42A9 /* main.cpp in Sources */ = {isa = PBXBuildFile; fileRef = CBD123F328E5880E004A42A9 /* main.cpp */; };
		CBD123FB28E58D12004A42A9 /* Geometry.cpp in Sources */ = {isa = PBXBuildFile; fileRef = CB45E23E28E54BA7004E8D25 /* Geometry.cpp */; };
		CBD1240228E5994E004A42A9 /* Utils.cpp in Sources */ = {isa = PBXBuildFile; fileRef = 263B540428CD8B34004CF77D /* Utils.cpp */; };
		CBD1240628E59A8C004A42A9 /* Batch.cpp in Sources */ = {isa = PBXBuildFile; fileRef = CBD1240528E59A8C004A42A9 /* Batch.cpp */; };
		CBD39AEB2910B58700260263 /* Tie.cpp in Sources */ = {isa = PBXBuildFile; fileRef = CBD39AE92910B58700260263 /* Tie.cpp */; };
		CBDA6B9E28D55FDC00BE0756 /* HeadPoseEst.cpp in Sources */ = {isa = PBXBuildFile; fileRef = 2602327528CCBFB100B11D7A /* HeadPoseEst.cpp */; };
		CBDA6BA028D5603600BE0756 /* Utils.cpp in Sources */ = {isa = PBXBuildFile; fileRef = 263B540428CD8B34004CF77D /* Utils.cpp */; };
		CBF8FB7928E68DCB002B58B5 /* SkinFeatureMask.cpp in Sources */ = {isa = PBXBuildFile; fileRef = CBB5DB3E28DD5E97003CDED3 /* SkinFeatureMask.cpp */; };
		CBF8FB7D28E68DFC002B58B5 /* ForeheadMask.cpp in Sources */ = {isa = PBXBuildFile; fileRef = CB1E2AB728DD99AB00F416DF /* ForeheadMask.cpp */; };
		CBF8FB7F28E68DFC002B58B5 /* FundamentalMask.cpp in Sources */ = {isa = PBXBuildFile; fileRef = CBB5DB3C28DD5B3B003CDED3 /* FundamentalMask.cpp */; };
		CBF8FB8128E68E25002B58B5 /* ParametricBSpline.cpp in Sources */ = {isa = PBXBuildFile; fileRef = CB4312A828D41DDD006D71DA /* ParametricBSpline.cpp */; };
		CBFF429628F80554000D4303 /* PolarPtSeq.cpp in Sources */ = {isa = PBXBuildFile; fileRef = 2606575928F7122400019FFE /* PolarPtSeq.cpp */; };
/* End PBXBuildFile section */

/* Begin PBXCopyFilesBuildPhase section */
		CB255A9028C7237A005C8A81 /* CopyFiles */ = {
			isa = PBXCopyFilesBuildPhase;
			buildActionMask = 2147483647;
			dstPath = /usr/share/man/man1/;
			dstSubfolderSpec = 0;
			files = (
			);
			runOnlyForDeploymentPostprocessing = 1;
		};
		CBD123EF28E5880E004A42A9 /* CopyFiles */ = {
			isa = PBXCopyFilesBuildPhase;
			buildActionMask = 2147483647;
			dstPath = /usr/share/man/man1/;
			dstSubfolderSpec = 0;
			files = (
			);
			runOnlyForDeploymentPostprocessing = 1;
		};
		CBDA6B9228D5550B00BE0756 /* CopyFiles */ = {
			isa = PBXCopyFilesBuildPhase;
			buildActionMask = 2147483647;
			dstPath = /usr/share/man/man1/;
			dstSubfolderSpec = 0;
			files = (
			);
			runOnlyForDeploymentPostprocessing = 1;
		};
/* End PBXCopyFilesBuildPhase section */

/* Begin PBXFileReference section */
		2602327428CCBFB100B11D7A /* HeadPoseEst.hpp */ = {isa = PBXFileReference; fileEncoding = 4; lastKnownFileType = sourcecode.cpp.h; path = HeadPoseEst.hpp; sourceTree = "<group>"; };
		2602327528CCBFB100B11D7A /* HeadPoseEst.cpp */ = {isa = PBXFileReference; fileEncoding = 4; lastKnownFileType = sourcecode.cpp.cpp; path = HeadPoseEst.cpp; sourceTree = "<group>"; };
		2602327828CCC52E00B11D7A /* libtensorflowlite.so */ = {isa = PBXFileReference; lastKnownFileType = "compiled.mach-o.dylib"; name = libtensorflowlite.so; path = SkinAnaMPBase/m1_lib/libtensorflowlite.so; sourceTree = "<group>"; };
		2606575928F7122400019FFE /* PolarPtSeq.cpp */ = {isa = PBXFileReference; fileEncoding = 4; lastKnownFileType = sourcecode.cpp.cpp; path = PolarPtSeq.cpp; sourceTree = "<group>"; };
		2606575A28F7122400019FFE /* PolarPtSeq.hpp */ = {isa = PBXFileReference; fileEncoding = 4; lastKnownFileType = sourcecode.cpp.h; path = PolarPtSeq.hpp; sourceTree = "<group>"; };
		263B540028CD861C004CF77D /* AnnoImage.cpp */ = {isa = PBXFileReference; fileEncoding = 4; lastKnownFileType = sourcecode.cpp.cpp; path = AnnoImage.cpp; sourceTree = "<group>"; };
		263B540128CD861C004CF77D /* AnnoImage.hpp */ = {isa = PBXFileReference; fileEncoding = 4; lastKnownFileType = sourcecode.cpp.h; path = AnnoImage.hpp; sourceTree = "<group>"; };
		263B540328CD8B34004CF77D /* Utils.hpp */ = {isa = PBXFileReference; fileEncoding = 4; lastKnownFileType = sourcecode.cpp.h; path = Utils.hpp; sourceTree = "<group>"; };
		263B540428CD8B34004CF77D /* Utils.cpp */ = {isa = PBXFileReference; fileEncoding = 4; lastKnownFileType = sourcecode.cpp.cpp; path = Utils.cpp; sourceTree = "<group>"; };
		263BD86329165AD100AF1FEE /* WrinkleFrangi.cpp */ = {isa = PBXFileReference; fileEncoding = 4; lastKnownFileType = sourcecode.cpp.cpp; path = WrinkleFrangi.cpp; sourceTree = "<group>"; };
		263BD86429165AD100AF1FEE /* WrinkleFrangi.h */ = {isa = PBXFileReference; fileEncoding = 4; lastKnownFileType = sourcecode.c.h; path = WrinkleFrangi.h; sourceTree = "<group>"; };
		263BD86529165AD100AF1FEE /* WrinkleGabor.cpp */ = {isa = PBXFileReference; fileEncoding = 4; lastKnownFileType = sourcecode.cpp.cpp; path = WrinkleGabor.cpp; sourceTree = "<group>"; };
		263BD86629165AD100AF1FEE /* WrinkleGabor.h */ = {isa = PBXFileReference; fileEncoding = 4; lastKnownFileType = sourcecode.c.h; path = WrinkleGabor.h; sourceTree = "<group>"; };
		263BD8692916642800AF1FEE /* ImgProc.cpp */ = {isa = PBXFileReference; fileEncoding = 4; lastKnownFileType = sourcecode.cpp.cpp; path = ImgProc.cpp; sourceTree = "<group>"; };
		263BD86A2916642800AF1FEE /* ImgProc.h */ = {isa = PBXFileReference; fileEncoding = 4; lastKnownFileType = sourcecode.c.h; path = ImgProc.h; sourceTree = "<group>"; };
		265B7B9728E5B26D004F5E49 /* libtensorflowlite.so */ = {isa = PBXFileReference; lastKnownFileType = "compiled.mach-o.dylib"; name = libtensorflowlite.so; path = m1_lib/libtensorflowlite.so; sourceTree = "<group>"; };
		2680A22C28EFC54B00A305EB /* FaceLmExtractV2.cpp */ = {isa = PBXFileReference; fileEncoding = 4; lastKnownFileType = sourcecode.cpp.cpp; path = FaceLmExtractV2.cpp; sourceTree = "<group>"; };
		2680A22D28EFC54B00A305EB /* FaceLmExtractV2.hpp */ = {isa = PBXFileReference; fileEncoding = 4; lastKnownFileType = sourcecode.cpp.h; path = FaceLmExtractV2.hpp; sourceTree = "<group>"; };
		269CC10D29175DB000BA8AA2 /* WrinkleMask.hpp */ = {isa = PBXFileReference; fileEncoding = 4; lastKnownFileType = sourcecode.cpp.h; path = WrinkleMask.hpp; sourceTree = "<group>"; };
		269CC10E29175DB000BA8AA2 /* WrinkleMask.cpp */ = {isa = PBXFileReference; fileEncoding = 4; lastKnownFileType = sourcecode.cpp.cpp; path = WrinkleMask.cpp; sourceTree = "<group>"; };
		26B2C4A12915F3420048B37C /* cvgabor.h */ = {isa = PBXFileReference; fileEncoding = 4; lastKnownFileType = sourcecode.c.h; path = cvgabor.h; sourceTree = "<group>"; };
		26B2C4A22915F3420048B37C /* cvgabor.cpp */ = {isa = PBXFileReference; fileEncoding = 4; lastKnownFileType = sourcecode.cpp.cpp; path = cvgabor.cpp; sourceTree = "<group>"; };
		26B2C4A72915F4680048B37C /* Wrinkle.hpp */ = {isa = PBXFileReference; fileEncoding = 4; lastKnownFileType = sourcecode.cpp.h; path = Wrinkle.hpp; sourceTree = "<group>"; };
		26B2C4A82915F4680048B37C /* Wrinkle.cpp */ = {isa = PBXFileReference; fileEncoding = 4; lastKnownFileType = sourcecode.cpp.cpp; path = Wrinkle.cpp; sourceTree = "<group>"; };
		26B2C4AA2915F9590048B37C /* frangi.h */ = {isa = PBXFileReference; fileEncoding = 4; lastKnownFileType = sourcecode.c.h; path = frangi.h; sourceTree = "<group>"; };
		26B2C4AB2915F9590048B37C /* frangi.cpp */ = {isa = PBXFileReference; fileEncoding = 4; lastKnownFileType = sourcecode.cpp.cpp; path = frangi.cpp; sourceTree = "<group>"; };
		26B65A5C28EA92900019104F /* LowerFaceMask.cpp */ = {isa = PBXFileReference; fileEncoding = 4; lastKnownFileType = sourcecode.cpp.cpp; path = LowerFaceMask.cpp; sourceTree = "<group>"; };
		26B65A5D28EA92900019104F /* LowerFaceMask.hpp */ = {isa = PBXFileReference; fileEncoding = 4; lastKnownFileType = sourcecode.cpp.h; path = LowerFaceMask.hpp; sourceTree = "<group>"; };
		26D773AC2912A1450051177F /* SmEyePg.cpp */ = {isa = PBXFileReference; fileEncoding = 4; lastKnownFileType = sourcecode.cpp.cpp; path = SmEyePg.cpp; sourceTree = "<group>"; };
		26D773AD2912A1450051177F /* SmEyePg.hpp */ = {isa = PBXFileReference; fileEncoding = 4; lastKnownFileType = sourcecode.cpp.h; path = SmEyePg.hpp; sourceTree = "<group>"; };
		26F7BE6428CDE49500A83344 /* Common.hpp */ = {isa = PBXFileReference; fileEncoding = 4; lastKnownFileType = sourcecode.cpp.h; path = Common.hpp; sourceTree = "<group>"; };
		CB02B84E290677E9001F8E61 /* polyitems_fit.cpp */ = {isa = PBXFileReference; fileEncoding = 4; lastKnownFileType = sourcecode.cpp.cpp; path = polyitems_fit.cpp; sourceTree = "<group>"; };
		CB02B8502906790F001F8E61 /* polyitems_fit.hpp */ = {isa = PBXFileReference; fileEncoding = 4; lastKnownFileType = sourcecode.cpp.h; path = polyitems_fit.hpp; sourceTree = "<group>"; };
		CB1E2AB728DD99AB00F416DF /* ForeheadMask.cpp */ = {isa = PBXFileReference; fileEncoding = 4; lastKnownFileType = sourcecode.cpp.cpp; path = ForeheadMask.cpp; sourceTree = "<group>"; };
		CB1E2AB828DD99AB00F416DF /* ForeheadMask.hpp */ = {isa = PBXFileReference; fileEncoding = 4; lastKnownFileType = sourcecode.cpp.h; path = ForeheadMask.hpp; sourceTree = "<group>"; };
		CB255A9228C7237A005C8A81 /* SkinAnaMPBase */ = {isa = PBXFileReference; explicitFileType = "compiled.mach-o.executable"; includeInIndex = 0; path = SkinAnaMPBase; sourceTree = BUILT_PRODUCTS_DIR; };
		CB255A9528C7237A005C8A81 /* main.cpp */ = {isa = PBXFileReference; lastKnownFileType = sourcecode.cpp.cpp; path = main.cpp; sourceTree = "<group>"; };
		CB2F690B29125C4C00E35FC3 /* Chaikin.hpp */ = {isa = PBXFileReference; fileEncoding = 4; lastKnownFileType = sourcecode.cpp.h; path = Chaikin.hpp; sourceTree = "<group>"; };
		CB2F690C29125C4C00E35FC3 /* Chaikin.cpp */ = {isa = PBXFileReference; fileEncoding = 4; lastKnownFileType = sourcecode.cpp.cpp; path = Chaikin.cpp; sourceTree = "<group>"; };
		CB3C248E28D00BA300804E6E /* libtensorflowlite.so */ = {isa = PBXFileReference; lastKnownFileType = "compiled.mach-o.dylib"; name = libtensorflowlite.so; path = SkinAnaMPBase/intel_lib/libtensorflowlite.so; sourceTree = "<group>"; };
		CB4312A728D41A36006D71DA /* spline.h */ = {isa = PBXFileReference; fileEncoding = 4; lastKnownFileType = sourcecode.c.h; path = spline.h; sourceTree = "<group>"; };
		CB4312A828D41DDD006D71DA /* ParametricBSpline.cpp */ = {isa = PBXFileReference; fileEncoding = 4; lastKnownFileType = sourcecode.cpp.cpp; path = ParametricBSpline.cpp; sourceTree = "<group>"; };
		CB4312A928D41DDD006D71DA /* ParametricBSpline.hpp */ = {isa = PBXFileReference; fileEncoding = 4; lastKnownFileType = sourcecode.cpp.h; path = ParametricBSpline.hpp; sourceTree = "<group>"; };
		CB443CE02913545300E9B24B /* EyebrowMaskV8.cpp */ = {isa = PBXFileReference; fileEncoding = 4; lastKnownFileType = sourcecode.cpp.cpp; path = EyebrowMaskV8.cpp; sourceTree = "<group>"; };
		CB443CE12913545300E9B24B /* EyebrowMaskV8.hpp */ = {isa = PBXFileReference; fileEncoding = 4; lastKnownFileType = sourcecode.cpp.h; path = EyebrowMaskV8.hpp; sourceTree = "<group>"; };
		CB45E23D28E54BA7004E8D25 /* Geometry.hpp */ = {isa = PBXFileReference; fileEncoding = 4; lastKnownFileType = sourcecode.cpp.h; path = Geometry.hpp; sourceTree = "<group>"; };
		CB45E23E28E54BA7004E8D25 /* Geometry.cpp */ = {isa = PBXFileReference; fileEncoding = 4; lastKnownFileType = sourcecode.cpp.cpp; path = Geometry.cpp; sourceTree = "<group>"; };
		CB62F4672908D04600828C4C /* activecontours.cpp */ = {isa = PBXFileReference; fileEncoding = 4; lastKnownFileType = sourcecode.cpp.cpp; path = activecontours.cpp; sourceTree = "<group>"; };
		CB62F4692908D04600828C4C /* activecontours.h */ = {isa = PBXFileReference; fileEncoding = 4; lastKnownFileType = sourcecode.c.h; path = activecontours.h; sourceTree = "<group>"; };
		CB62F46A2908D04600828C4C /* sobel.cpp */ = {isa = PBXFileReference; fileEncoding = 4; lastKnownFileType = sourcecode.cpp.cpp; path = sobel.cpp; sourceTree = "<group>"; };
		CB62F46C2908D04600828C4C /* sobel.h */ = {isa = PBXFileReference; fileEncoding = 4; lastKnownFileType = sourcecode.c.h; path = sobel.h; sourceTree = "<group>"; };
		CB62F4792908DF8300828C4C /* tsparams.h */ = {isa = PBXFileReference; fileEncoding = 4; lastKnownFileType = sourcecode.c.h; path = tsparams.h; sourceTree = "<group>"; };
		CB79324B28D1B07400BE136B /* libtensorflow-lite.a */ = {isa = PBXFileReference; lastKnownFileType = archive.ar; name = "libtensorflow-lite.a"; path = "SkinAnaMPBase/intel_lib/libtensorflow-lite.a"; sourceTree = "<group>"; };
		CB9D430428F3F6B000CD3B13 /* FaceBgSegV2.hpp */ = {isa = PBXFileReference; fileEncoding = 4; lastKnownFileType = sourcecode.cpp.h; path = FaceBgSegV2.hpp; sourceTree = "<group>"; };
		CB9D430528F3F6B000CD3B13 /* FaceBgSegV2.cpp */ = {isa = PBXFileReference; fileEncoding = 4; lastKnownFileType = sourcecode.cpp.cpp; path = FaceBgSegV2.cpp; sourceTree = "<group>"; };
		CB9D430828F3F9DA00CD3B13 /* SegHelper.cpp */ = {isa = PBXFileReference; fileEncoding = 4; lastKnownFileType = sourcecode.cpp.cpp; path = SegHelper.cpp; sourceTree = "<group>"; };
		CBB5DB3B28DD5B3B003CDED3 /* FundamentalMask.hpp */ = {isa = PBXFileReference; fileEncoding = 4; lastKnownFileType = sourcecode.cpp.h; path = FundamentalMask.hpp; sourceTree = "<group>"; };
		CBB5DB3C28DD5B3B003CDED3 /* FundamentalMask.cpp */ = {isa = PBXFileReference; fileEncoding = 4; lastKnownFileType = sourcecode.cpp.cpp; path = FundamentalMask.cpp; sourceTree = "<group>"; };
		CBB5DB3E28DD5E97003CDED3 /* SkinFeatureMask.cpp */ = {isa = PBXFileReference; fileEncoding = 4; lastKnownFileType = sourcecode.cpp.cpp; path = SkinFeatureMask.cpp; sourceTree = "<group>"; };
		CBB5DB3F28DD5E97003CDED3 /* SkinFeatureMask.hpp */ = {isa = PBXFileReference; fileEncoding = 4; lastKnownFileType = sourcecode.cpp.h; path = SkinFeatureMask.hpp; sourceTree = "<group>"; };
		CBBF6C5228F13E370036619C /* SkinMask.cpp */ = {isa = PBXFileReference; fileEncoding = 4; lastKnownFileType = sourcecode.cpp.cpp; path = SkinMask.cpp; sourceTree = "<group>"; };
		CBBF6C5328F13E370036619C /* SkinMask.hpp */ = {isa = PBXFileReference; fileEncoding = 4; lastKnownFileType = sourcecode.cpp.h; path = SkinMask.hpp; sourceTree = "<group>"; };
		CBC3D53C290BCC810056D14E /* GaussField.cpp */ = {isa = PBXFileReference; fileEncoding = 4; lastKnownFileType = sourcecode.cpp.cpp; path = GaussField.cpp; sourceTree = "<group>"; };
		CBC3D53D290BCC810056D14E /* GaussField.hpp */ = {isa = PBXFileReference; fileEncoding = 4; lastKnownFileType = sourcecode.cpp.h; path = GaussField.hpp; sourceTree = "<group>"; };
		CBD123F128E5880E004A42A9 /* BatchRun */ = {isa = PBXFileReference; explicitFileType = "compiled.mach-o.executable"; includeInIndex = 0; path = BatchRun; sourceTree = BUILT_PRODUCTS_DIR; };
		CBD123F328E5880E004A42A9 /* main.cpp */ = {isa = PBXFileReference; lastKnownFileType = sourcecode.cpp.cpp; path = main.cpp; sourceTree = "<group>"; };
		CBD123FD28E58EEB004A42A9 /* libtensorflowlite.so */ = {isa = PBXFileReference; lastKnownFileType = "compiled.mach-o.dylib"; name = libtensorflowlite.so; path = intel_lib/libtensorflowlite.so; sourceTree = "<group>"; };
		CBD1240428E59A8C004A42A9 /* Batch.hpp */ = {isa = PBXFileReference; fileEncoding = 4; lastKnownFileType = sourcecode.cpp.h; path = Batch.hpp; sourceTree = "<group>"; };
		CBD1240528E59A8C004A42A9 /* Batch.cpp */ = {isa = PBXFileReference; fileEncoding = 4; lastKnownFileType = sourcecode.cpp.cpp; path = Batch.cpp; sourceTree = "<group>"; };
		CBD39AE92910B58700260263 /* Tie.cpp */ = {isa = PBXFileReference; fileEncoding = 4; lastKnownFileType = sourcecode.cpp.cpp; path = Tie.cpp; sourceTree = "<group>"; };
		CBD39AEA2910B58700260263 /* Tie.hpp */ = {isa = PBXFileReference; fileEncoding = 4; lastKnownFileType = sourcecode.cpp.h; path = Tie.hpp; sourceTree = "<group>"; };
		CBDA6B9428D5550B00BE0756 /* LMExporter */ = {isa = PBXFileReference; explicitFileType = "compiled.mach-o.executable"; includeInIndex = 0; path = LMExporter; sourceTree = BUILT_PRODUCTS_DIR; };
/* End PBXFileReference section */

/* Begin PBXFrameworksBuildPhase section */
		CB255A8F28C7237A005C8A81 /* Frameworks */ = {
			isa = PBXFrameworksBuildPhase;
			buildActionMask = 2147483647;
			files = (
				26827DF4291D1C9D0063F345 /* libtensorflowlite.so in Frameworks */,
			);
			runOnlyForDeploymentPostprocessing = 0;
		};
		CBD123EE28E5880E004A42A9 /* Frameworks */ = {
			isa = PBXFrameworksBuildPhase;
			buildActionMask = 2147483647;
			files = (
				CB3CACFE28F8ED04000A8BF0 /* libtensorflowlite.so in Frameworks */,
			);
			runOnlyForDeploymentPostprocessing = 0;
		};
		CBDA6B9128D5550B00BE0756 /* Frameworks */ = {
			isa = PBXFrameworksBuildPhase;
			buildActionMask = 2147483647;
			files = (
				26DB15F528D69DEE00F195CF /* libtensorflowlite.so in Frameworks */,
			);
			runOnlyForDeploymentPostprocessing = 0;
		};
/* End PBXFrameworksBuildPhase section */

/* Begin PBXGroup section */
		2602327728CCC52E00B11D7A /* Frameworks */ = {
			isa = PBXGroup;
			children = (
				CBD123FD28E58EEB004A42A9 /* libtensorflowlite.so */,
				265B7B9728E5B26D004F5E49 /* libtensorflowlite.so */,
				CB79324B28D1B07400BE136B /* libtensorflow-lite.a */,
				CB3C248E28D00BA300804E6E /* libtensorflowlite.so */,
				2602327828CCC52E00B11D7A /* libtensorflowlite.so */,
			);
			name = Frameworks;
			sourceTree = "<group>";
		};
		264E012328D6C1DF00CB94D1 /* Mask */ = {
			isa = PBXGroup;
			children = (
				269CC10E29175DB000BA8AA2 /* WrinkleMask.cpp */,
				269CC10D29175DB000BA8AA2 /* WrinkleMask.hpp */,
				CB443CE02913545300E9B24B /* EyebrowMaskV8.cpp */,
				CB443CE12913545300E9B24B /* EyebrowMaskV8.hpp */,
				26D773AC2912A1450051177F /* SmEyePg.cpp */,
				26D773AD2912A1450051177F /* SmEyePg.hpp */,
				2606575928F7122400019FFE /* PolarPtSeq.cpp */,
				2606575A28F7122400019FFE /* PolarPtSeq.hpp */,
				CBBF6C5228F13E370036619C /* SkinMask.cpp */,
				CBBF6C5328F13E370036619C /* SkinMask.hpp */,
				26B65A5C28EA92900019104F /* LowerFaceMask.cpp */,
				26B65A5D28EA92900019104F /* LowerFaceMask.hpp */,
				CB1E2AB728DD99AB00F416DF /* ForeheadMask.cpp */,
				CB1E2AB828DD99AB00F416DF /* ForeheadMask.hpp */,
				CBB5DB3E28DD5E97003CDED3 /* SkinFeatureMask.cpp */,
				CBB5DB3F28DD5E97003CDED3 /* SkinFeatureMask.hpp */,
				CBB5DB3C28DD5B3B003CDED3 /* FundamentalMask.cpp */,
				CBB5DB3B28DD5B3B003CDED3 /* FundamentalMask.hpp */,
			);
			path = Mask;
			sourceTree = "<group>";
		};
		26B2C4A02915F1D00048B37C /* Wrinkle */ = {
			isa = PBXGroup;
			children = (
				263BD86329165AD100AF1FEE /* WrinkleFrangi.cpp */,
				263BD86429165AD100AF1FEE /* WrinkleFrangi.h */,
				263BD86529165AD100AF1FEE /* WrinkleGabor.cpp */,
				263BD86629165AD100AF1FEE /* WrinkleGabor.h */,
				26B2C4AB2915F9590048B37C /* frangi.cpp */,
				26B2C4AA2915F9590048B37C /* frangi.h */,
				26B2C4A82915F4680048B37C /* Wrinkle.cpp */,
				26B2C4A72915F4680048B37C /* Wrinkle.hpp */,
				26B2C4A22915F3420048B37C /* cvgabor.cpp */,
				26B2C4A12915F3420048B37C /* cvgabor.h */,
			);
			path = Wrinkle;
			sourceTree = "<group>";
		};
		CB255A8928C7237A005C8A81 = {
			isa = PBXGroup;
			children = (
				CB255A9428C7237A005C8A81 /* SkinAnaMPBase */,
				CBD123F228E5880E004A42A9 /* BatchRun */,
				CB255A9328C7237A005C8A81 /* Products */,
				2602327728CCC52E00B11D7A /* Frameworks */,
			);
			sourceTree = "<group>";
		};
		CB255A9328C7237A005C8A81 /* Products */ = {
			isa = PBXGroup;
			children = (
				CB255A9228C7237A005C8A81 /* SkinAnaMPBase */,
				CBDA6B9428D5550B00BE0756 /* LMExporter */,
				CBD123F128E5880E004A42A9 /* BatchRun */,
			);
			name = Products;
			sourceTree = "<group>";
		};
		CB255A9428C7237A005C8A81 /* SkinAnaMPBase */ = {
			isa = PBXGroup;
			children = (
				26B2C4A02915F1D00048B37C /* Wrinkle */,
				CB62F4662908CFCF00828C4C /* Snake */,
				CB45E23928E54A09004E8D25 /* FaceBgSeg */,
				264E012328D6C1DF00CB94D1 /* Mask */,
				CB4312A628D419A0006D71DA /* BSpline */,
				CB45E23E28E54BA7004E8D25 /* Geometry.cpp */,
				CB45E23D28E54BA7004E8D25 /* Geometry.hpp */,
				CB2F690C29125C4C00E35FC3 /* Chaikin.cpp */,
				CB2F690B29125C4C00E35FC3 /* Chaikin.hpp */,
				CB02B8502906790F001F8E61 /* polyitems_fit.hpp */,
				CB02B84E290677E9001F8E61 /* polyitems_fit.cpp */,
				2680A22C28EFC54B00A305EB /* FaceLmExtractV2.cpp */,
				2680A22D28EFC54B00A305EB /* FaceLmExtractV2.hpp */,
				263BD8692916642800AF1FEE /* ImgProc.cpp */,
				263BD86A2916642800AF1FEE /* ImgProc.h */,
				CBD39AE92910B58700260263 /* Tie.cpp */,
				CBD39AEA2910B58700260263 /* Tie.hpp */,
				26F7BE6428CDE49500A83344 /* Common.hpp */,
				263B540428CD8B34004CF77D /* Utils.cpp */,
				263B540328CD8B34004CF77D /* Utils.hpp */,
				263B540028CD861C004CF77D /* AnnoImage.cpp */,
				263B540128CD861C004CF77D /* AnnoImage.hpp */,
				2602327528CCBFB100B11D7A /* HeadPoseEst.cpp */,
				2602327428CCBFB100B11D7A /* HeadPoseEst.hpp */,
				CB255A9528C7237A005C8A81 /* main.cpp */,
			);
			path = SkinAnaMPBase;
			sourceTree = "<group>";
		};
		CB4312A628D419A0006D71DA /* BSpline */ = {
			isa = PBXGroup;
			children = (
				CB4312A828D41DDD006D71DA /* ParametricBSpline.cpp */,
				CB4312A928D41DDD006D71DA /* ParametricBSpline.hpp */,
				CB4312A728D41A36006D71DA /* spline.h */,
			);
			path = BSpline;
			sourceTree = "<group>";
		};
		CB45E23928E54A09004E8D25 /* FaceBgSeg */ = {
			isa = PBXGroup;
			children = (
				CB9D430828F3F9DA00CD3B13 /* SegHelper.cpp */,
				CB9D430528F3F6B000CD3B13 /* FaceBgSegV2.cpp */,
				CB9D430428F3F6B000CD3B13 /* FaceBgSegV2.hpp */,
			);
			path = FaceBgSeg;
			sourceTree = "<group>";
		};
		CB62F4662908CFCF00828C4C /* Snake */ = {
			isa = PBXGroup;
			children = (
				CBC3D53C290BCC810056D14E /* GaussField.cpp */,
				CBC3D53D290BCC810056D14E /* GaussField.hpp */,
				CB62F4792908DF8300828C4C /* tsparams.h */,
				CB62F4672908D04600828C4C /* activecontours.cpp */,
				CB62F4692908D04600828C4C /* activecontours.h */,
				CB62F46A2908D04600828C4C /* sobel.cpp */,
				CB62F46C2908D04600828C4C /* sobel.h */,
			);
			path = Snake;
			sourceTree = "<group>";
		};
		CBD123F228E5880E004A42A9 /* BatchRun */ = {
			isa = PBXGroup;
			children = (
				CBD1240528E59A8C004A42A9 /* Batch.cpp */,
				CBD1240428E59A8C004A42A9 /* Batch.hpp */,
				CBD123F328E5880E004A42A9 /* main.cpp */,
			);
			path = BatchRun;
			sourceTree = "<group>";
		};
/* End PBXGroup section */

/* Begin PBXNativeTarget section */
		CB255A9128C7237A005C8A81 /* SkinAnaMPBase */ = {
			isa = PBXNativeTarget;
			buildConfigurationList = CB255A9928C7237A005C8A81 /* Build configuration list for PBXNativeTarget "SkinAnaMPBase" */;
			buildPhases = (
				CB255A8E28C7237A005C8A81 /* Sources */,
				CB255A8F28C7237A005C8A81 /* Frameworks */,
				CB255A9028C7237A005C8A81 /* CopyFiles */,
				2602327A28CCCB7000B11D7A /* ShellScript */,
			);
			buildRules = (
			);
			dependencies = (
			);
			name = SkinAnaMPBase;
			productName = SkinAnaMPBase;
			productReference = CB255A9228C7237A005C8A81 /* SkinAnaMPBase */;
			productType = "com.apple.product-type.tool";
		};
		CBD123F028E5880E004A42A9 /* BatchRun */ = {
			isa = PBXNativeTarget;
			buildConfigurationList = CBD123F728E5880E004A42A9 /* Build configuration list for PBXNativeTarget "BatchRun" */;
			buildPhases = (
				CBD123ED28E5880E004A42A9 /* Sources */,
				CBD123EE28E5880E004A42A9 /* Frameworks */,
				CBD123EF28E5880E004A42A9 /* CopyFiles */,
				CBD123F828E58A53004A42A9 /* ShellScript */,
			);
			buildRules = (
			);
			dependencies = (
			);
			name = BatchRun;
			productName = BatchRun;
			productReference = CBD123F128E5880E004A42A9 /* BatchRun */;
			productType = "com.apple.product-type.tool";
		};
		CBDA6B9328D5550B00BE0756 /* LMExporter */ = {
			isa = PBXNativeTarget;
			buildConfigurationList = CBDA6B9828D5550B00BE0756 /* Build configuration list for PBXNativeTarget "LMExporter" */;
			buildPhases = (
				CBDA6B9028D5550B00BE0756 /* Sources */,
				CBDA6B9128D5550B00BE0756 /* Frameworks */,
				CBDA6B9228D5550B00BE0756 /* CopyFiles */,
				CBDA6B9B28D557D600BE0756 /* ShellScript */,
			);
			buildRules = (
			);
			dependencies = (
			);
			name = LMExporter;
			productName = LMExporter;
			productReference = CBDA6B9428D5550B00BE0756 /* LMExporter */;
			productType = "com.apple.product-type.tool";
		};
/* End PBXNativeTarget section */

/* Begin PBXProject section */
		CB255A8A28C7237A005C8A81 /* Project object */ = {
			isa = PBXProject;
			attributes = {
				BuildIndependentTargetsInParallel = 1;
				LastUpgradeCheck = 1340;
				TargetAttributes = {
					CB255A9128C7237A005C8A81 = {
						CreatedOnToolsVersion = 13.4.1;
					};
					CBD123F028E5880E004A42A9 = {
						CreatedOnToolsVersion = 14.0.1;
					};
					CBDA6B9328D5550B00BE0756 = {
						CreatedOnToolsVersion = 14.0;
					};
				};
			};
			buildConfigurationList = CB255A8D28C7237A005C8A81 /* Build configuration list for PBXProject "SkinAnaMPBase" */;
			compatibilityVersion = "Xcode 13.0";
			developmentRegion = en;
			hasScannedForEncodings = 0;
			knownRegions = (
				en,
				Base,
			);
			mainGroup = CB255A8928C7237A005C8A81;
			productRefGroup = CB255A9328C7237A005C8A81 /* Products */;
			projectDirPath = "";
			projectRoot = "";
			targets = (
				CB255A9128C7237A005C8A81 /* SkinAnaMPBase */,
				CBDA6B9328D5550B00BE0756 /* LMExporter */,
				CBD123F028E5880E004A42A9 /* BatchRun */,
			);
		};
/* End PBXProject section */

/* Begin PBXShellScriptBuildPhase section */
		2602327A28CCCB7000B11D7A /* ShellScript */ = {
			isa = PBXShellScriptBuildPhase;
			buildActionMask = 2147483647;
			files = (
			);
			inputFileListPaths = (
			);
			inputPaths = (
			);
			outputFileListPaths = (
			);
			outputPaths = (
			);
			runOnlyForDeploymentPostprocessing = 0;
			shellPath = /bin/sh;
			shellScript = "# Type a script or drag a script file from your workspace to insert its path.\ncp ${TARGET_BUILD_DIR}/${TARGET_NAME} ${PROJECT_DIR}/bin/${TARGET_NAME}\n";
		};
		CBD123F828E58A53004A42A9 /* ShellScript */ = {
			isa = PBXShellScriptBuildPhase;
			buildActionMask = 2147483647;
			files = (
			);
			inputFileListPaths = (
			);
			inputPaths = (
			);
			outputFileListPaths = (
			);
			outputPaths = (
			);
			runOnlyForDeploymentPostprocessing = 0;
			shellPath = /bin/sh;
			shellScript = "# Type a script or drag a script file from your workspace to insert its path.\ncp ${TARGET_BUILD_DIR}/${TARGET_NAME} ${PROJECT_DIR}/bin/${TARGET_NAME}\n";
		};
		CBDA6B9B28D557D600BE0756 /* ShellScript */ = {
			isa = PBXShellScriptBuildPhase;
			buildActionMask = 2147483647;
			files = (
			);
			inputFileListPaths = (
			);
			inputPaths = (
			);
			outputFileListPaths = (
			);
			outputPaths = (
			);
			runOnlyForDeploymentPostprocessing = 0;
			shellPath = /bin/sh;
			shellScript = "# Type a script or drag a script file from your workspace to insert its path.\ncp ${TARGET_BUILD_DIR}/${TARGET_NAME} ${PROJECT_DIR}/bin/${TARGET_NAME}\n";
		};
/* End PBXShellScriptBuildPhase section */

/* Begin PBXSourcesBuildPhase section */
		CB255A8E28C7237A005C8A81 /* Sources */ = {
			isa = PBXSourcesBuildPhase;
			buildActionMask = 2147483647;
			files = (
				CB255A9628C7237A005C8A81 /* main.cpp in Sources */,
				CB443CE22913545300E9B24B /* EyebrowMaskV8.cpp in Sources */,
				CB02B84F290677E9001F8E61 /* polyitems_fit.cpp in Sources */,
				CB62F4712908D04600828C4C /* activecontours.cpp in Sources */,
				CB9D430628F3F6B000CD3B13 /* FaceBgSegV2.cpp in Sources */,
				263B540228CD861C004CF77D /* AnnoImage.cpp in Sources */,
				2680A22E28EFC54B00A305EB /* FaceLmExtractV2.cpp in Sources */,
				CBBF6C5428F13E370036619C /* SkinMask.cpp in Sources */,
				26B65A5E28EA92900019104F /* LowerFaceMask.cpp in Sources */,
				2602327628CCBFB100B11D7A /* HeadPoseEst.cpp in Sources */,
				263BD86829165AD100AF1FEE /* WrinkleGabor.cpp in Sources */,
				CB62F4722908D04600828C4C /* sobel.cpp in Sources */,
				CB4312AA28D41DDD006D71DA /* ParametricBSpline.cpp in Sources */,
				CB45E23F28E54BA7004E8D25 /* Geometry.cpp in Sources */,
				263BD86B2916642800AF1FEE /* ImgProc.cpp in Sources */,
				263B540528CD8B34004CF77D /* Utils.cpp in Sources */,
				26D773AE2912A1450051177F /* SmEyePg.cpp in Sources */,
				2606575B28F7122400019FFE /* PolarPtSeq.cpp in Sources */,
				269CC10F29175DB000BA8AA2 /* WrinkleMask.cpp in Sources */,
				263BD86729165AD100AF1FEE /* WrinkleFrangi.cpp in Sources */,
				CBB5DB4028DD5E97003CDED3 /* SkinFeatureMask.cpp in Sources */,
				CB9D430928F3F9DA00CD3B13 /* SegHelper.cpp in Sources */,
				CB2F690D29125C4D00E35FC3 /* Chaikin.cpp in Sources */,
				26B2C4A92915F4680048B37C /* Wrinkle.cpp in Sources */,
				CBD39AEB2910B58700260263 /* Tie.cpp in Sources */,
				26B2C4A32915F3420048B37C /* cvgabor.cpp in Sources */,
				CB1E2AB928DD99AB00F416DF /* ForeheadMask.cpp in Sources */,
				26B2C4AC2915F9590048B37C /* frangi.cpp in Sources */,
				CBC3D53E290BCC810056D14E /* GaussField.cpp in Sources */,
				CBB5DB3D28DD5B3B003CDED3 /* FundamentalMask.cpp in Sources */,
			);
			runOnlyForDeploymentPostprocessing = 0;
		};
		CBD123ED28E5880E004A42A9 /* Sources */ = {
			isa = PBXSourcesBuildPhase;
			buildActionMask = 2147483647;
			files = (
				CBFF429628F80554000D4303 /* PolarPtSeq.cpp in Sources */,
				CB7F673F28F4165500060E7C /* SegHelper.cpp in Sources */,
				CB9D430728F3F77C00CD3B13 /* FaceBgSegV2.cpp in Sources */,
				CBBF6C5528F154940036619C /* SkinMask.cpp in Sources */,
				2680A22F28EFC55A00A305EB /* FaceLmExtractV2.cpp in Sources */,
				26B65A5F28EA983E0019104F /* LowerFaceMask.cpp in Sources */,
				CBF8FB8128E68E25002B58B5 /* ParametricBSpline.cpp in Sources */,
				CBF8FB7D28E68DFC002B58B5 /* ForeheadMask.cpp in Sources */,
				CBF8FB7F28E68DFC002B58B5 /* FundamentalMask.cpp in Sources */,
				CBF8FB7928E68DCB002B58B5 /* SkinFeatureMask.cpp in Sources */,
				265B7B9C28E5C9D2004F5E49 /* AnnoImage.cpp in Sources */,
				265B7B9A28E5C971004F5E49 /* HeadPoseEst.cpp in Sources */,
				CBD1240228E5994E004A42A9 /* Utils.cpp in Sources */,
				CBD123FB28E58D12004A42A9 /* Geometry.cpp in Sources */,
				CBD1240628E59A8C004A42A9 /* Batch.cpp in Sources */,
				CB2F690E29125C5700E35FC3 /* Chaikin.cpp in Sources */,
				CBD123F428E5880E004A42A9 /* main.cpp in Sources */,
			);
			runOnlyForDeploymentPostprocessing = 0;
		};
		CBDA6B9028D5550B00BE0756 /* Sources */ = {
			isa = PBXSourcesBuildPhase;
			buildActionMask = 2147483647;
			files = (
				CBDA6BA028D5603600BE0756 /* Utils.cpp in Sources */,
				CBDA6B9E28D55FDC00BE0756 /* HeadPoseEst.cpp in Sources */,
			);
			runOnlyForDeploymentPostprocessing = 0;
		};
/* End PBXSourcesBuildPhase section */

/* Begin XCBuildConfiguration section */
		CB255A9728C7237A005C8A81 /* Debug */ = {
			isa = XCBuildConfiguration;
			buildSettings = {
				ALWAYS_SEARCH_USER_PATHS = NO;
				CLANG_ANALYZER_NONNULL = YES;
				CLANG_ANALYZER_NUMBER_OBJECT_CONVERSION = YES_AGGRESSIVE;
				CLANG_CXX_LANGUAGE_STANDARD = "gnu++17";
				CLANG_ENABLE_MODULES = YES;
				CLANG_ENABLE_OBJC_ARC = YES;
				CLANG_ENABLE_OBJC_WEAK = YES;
				CLANG_WARN_BLOCK_CAPTURE_AUTORELEASING = YES;
				CLANG_WARN_BOOL_CONVERSION = YES;
				CLANG_WARN_COMMA = YES;
				CLANG_WARN_CONSTANT_CONVERSION = YES;
				CLANG_WARN_DEPRECATED_OBJC_IMPLEMENTATIONS = YES;
				CLANG_WARN_DIRECT_OBJC_ISA_USAGE = YES_ERROR;
				CLANG_WARN_DOCUMENTATION_COMMENTS = YES;
				CLANG_WARN_EMPTY_BODY = YES;
				CLANG_WARN_ENUM_CONVERSION = YES;
				CLANG_WARN_INFINITE_RECURSION = YES;
				CLANG_WARN_INT_CONVERSION = YES;
				CLANG_WARN_NON_LITERAL_NULL_CONVERSION = YES;
				CLANG_WARN_OBJC_IMPLICIT_RETAIN_SELF = YES;
				CLANG_WARN_OBJC_LITERAL_CONVERSION = YES;
				CLANG_WARN_OBJC_ROOT_CLASS = YES_ERROR;
				CLANG_WARN_QUOTED_INCLUDE_IN_FRAMEWORK_HEADER = YES;
				CLANG_WARN_RANGE_LOOP_ANALYSIS = YES;
				CLANG_WARN_STRICT_PROTOTYPES = YES;
				CLANG_WARN_SUSPICIOUS_MOVE = YES;
				CLANG_WARN_UNGUARDED_AVAILABILITY = YES_AGGRESSIVE;
				CLANG_WARN_UNREACHABLE_CODE = YES;
				CLANG_WARN__DUPLICATE_METHOD_MATCH = YES;
				COPY_PHASE_STRIP = NO;
				DEBUG_INFORMATION_FORMAT = dwarf;
				ENABLE_STRICT_OBJC_MSGSEND = YES;
				ENABLE_TESTABILITY = YES;
				GCC_C_LANGUAGE_STANDARD = gnu11;
				GCC_DYNAMIC_NO_PIC = NO;
				GCC_NO_COMMON_BLOCKS = YES;
				GCC_OPTIMIZATION_LEVEL = 0;
				GCC_PREPROCESSOR_DEFINITIONS = (
					"DEBUG=1",
					"$(inherited)",
				);
				GCC_WARN_64_TO_32_BIT_CONVERSION = YES;
				GCC_WARN_ABOUT_RETURN_TYPE = YES_ERROR;
				GCC_WARN_UNDECLARED_SELECTOR = YES;
				GCC_WARN_UNINITIALIZED_AUTOS = YES_AGGRESSIVE;
				GCC_WARN_UNUSED_FUNCTION = YES;
				GCC_WARN_UNUSED_VARIABLE = YES;
				MACOSX_DEPLOYMENT_TARGET = 12.3;
				MTL_ENABLE_DEBUG_INFO = INCLUDE_SOURCE;
				MTL_FAST_MATH = YES;
				ONLY_ACTIVE_ARCH = YES;
				SDKROOT = macosx;
			};
			name = Debug;
		};
		CB255A9828C7237A005C8A81 /* Release */ = {
			isa = XCBuildConfiguration;
			buildSettings = {
				ALWAYS_SEARCH_USER_PATHS = NO;
				CLANG_ANALYZER_NONNULL = YES;
				CLANG_ANALYZER_NUMBER_OBJECT_CONVERSION = YES_AGGRESSIVE;
				CLANG_CXX_LANGUAGE_STANDARD = "gnu++17";
				CLANG_ENABLE_MODULES = YES;
				CLANG_ENABLE_OBJC_ARC = YES;
				CLANG_ENABLE_OBJC_WEAK = YES;
				CLANG_WARN_BLOCK_CAPTURE_AUTORELEASING = YES;
				CLANG_WARN_BOOL_CONVERSION = YES;
				CLANG_WARN_COMMA = YES;
				CLANG_WARN_CONSTANT_CONVERSION = YES;
				CLANG_WARN_DEPRECATED_OBJC_IMPLEMENTATIONS = YES;
				CLANG_WARN_DIRECT_OBJC_ISA_USAGE = YES_ERROR;
				CLANG_WARN_DOCUMENTATION_COMMENTS = YES;
				CLANG_WARN_EMPTY_BODY = YES;
				CLANG_WARN_ENUM_CONVERSION = YES;
				CLANG_WARN_INFINITE_RECURSION = YES;
				CLANG_WARN_INT_CONVERSION = YES;
				CLANG_WARN_NON_LITERAL_NULL_CONVERSION = YES;
				CLANG_WARN_OBJC_IMPLICIT_RETAIN_SELF = YES;
				CLANG_WARN_OBJC_LITERAL_CONVERSION = YES;
				CLANG_WARN_OBJC_ROOT_CLASS = YES_ERROR;
				CLANG_WARN_QUOTED_INCLUDE_IN_FRAMEWORK_HEADER = YES;
				CLANG_WARN_RANGE_LOOP_ANALYSIS = YES;
				CLANG_WARN_STRICT_PROTOTYPES = YES;
				CLANG_WARN_SUSPICIOUS_MOVE = YES;
				CLANG_WARN_UNGUARDED_AVAILABILITY = YES_AGGRESSIVE;
				CLANG_WARN_UNREACHABLE_CODE = YES;
				CLANG_WARN__DUPLICATE_METHOD_MATCH = YES;
				COPY_PHASE_STRIP = NO;
				DEBUG_INFORMATION_FORMAT = "dwarf-with-dsym";
				ENABLE_NS_ASSERTIONS = NO;
				ENABLE_STRICT_OBJC_MSGSEND = YES;
				GCC_C_LANGUAGE_STANDARD = gnu11;
				GCC_NO_COMMON_BLOCKS = YES;
				GCC_WARN_64_TO_32_BIT_CONVERSION = YES;
				GCC_WARN_ABOUT_RETURN_TYPE = YES_ERROR;
				GCC_WARN_UNDECLARED_SELECTOR = YES;
				GCC_WARN_UNINITIALIZED_AUTOS = YES_AGGRESSIVE;
				GCC_WARN_UNUSED_FUNCTION = YES;
				GCC_WARN_UNUSED_VARIABLE = YES;
				MACOSX_DEPLOYMENT_TARGET = 12.3;
				MTL_ENABLE_DEBUG_INFO = NO;
				MTL_FAST_MATH = YES;
				SDKROOT = macosx;
			};
			name = Release;
		};
		CB255A9A28C7237A005C8A81 /* Debug */ = {
			isa = XCBuildConfiguration;
			buildSettings = {
				CLANG_CXX_LANGUAGE_STANDARD = "c++20";
				CODE_SIGN_IDENTITY = "-";
				CODE_SIGN_STYLE = Automatic;
				DEVELOPMENT_TEAM = 92XGFP9RCT;
				EXCLUDED_ARCHS = "";
				HEADER_SEARCH_PATHS = (
					/usr/local/Cellar/opencv/4.6.0/include/opencv4,
					"${PROJECT_DIR}/include",
					/Users/fuliye/nlohmann_json/include,
				);
				LIBRARY_SEARCH_PATHS = (
					/usr/local/Cellar/opencv/4.6.0/lib,
					"$(PROJECT_DIR)/m1_lib",
					"$(PROJECT_DIR)/intel_lib",
				);
				OTHER_LDFLAGS = (
					"-lopencv_core",
					"-lopencv_imgcodecs",
					"-lopencv_calib3d",
					"-lopencv_highgui",
					"-lopencv_imgproc",
					"-lopencv_dnn",
				);
				PRODUCT_NAME = "$(TARGET_NAME)";
			};
			name = Debug;
		};
		CB255A9B28C7237A005C8A81 /* Release */ = {
			isa = XCBuildConfiguration;
			buildSettings = {
				CLANG_CXX_LANGUAGE_STANDARD = "c++20";
				CODE_SIGN_IDENTITY = "-";
				CODE_SIGN_STYLE = Automatic;
				DEVELOPMENT_TEAM = 92XGFP9RCT;
				EXCLUDED_ARCHS = "";
				HEADER_SEARCH_PATHS = (
					/usr/local/Cellar/opencv/4.6.0/include/opencv4,
					"${PROJECT_DIR}/include",
					/Users/fuliye/nlohmann_json/include,
				);
				LIBRARY_SEARCH_PATHS = (
					/usr/local/Cellar/opencv/4.6.0/lib,
					"$(PROJECT_DIR)/m1_lib",
					"$(PROJECT_DIR)/intel_lib",
				);
				OTHER_LDFLAGS = (
					"-lopencv_core",
					"-lopencv_imgcodecs",
					"-lopencv_calib3d",
					"-lopencv_highgui",
					"-lopencv_imgproc",
					"-lopencv_dnn",
				);
				PRODUCT_NAME = "$(TARGET_NAME)";
			};
			name = Release;
		};
		CBD123F528E5880E004A42A9 /* Debug */ = {
			isa = XCBuildConfiguration;
			buildSettings = {
				CLANG_CXX_LANGUAGE_STANDARD = "c++17";
				CODE_SIGN_STYLE = Automatic;
				HEADER_SEARCH_PATHS = (
					/usr/local/Cellar/opencv/4.6.0/include/opencv4,
					"${PROJECT_DIR}/include",
					/Users/meicet/nlohmann_json/include,
				);
				LIBRARY_SEARCH_PATHS = (
					/usr/local/Cellar/opencv/4.6.0/lib,
					"$(PROJECT_DIR)/intel_lib",
					"$(PROJECT_DIR)/m1_lib",
				);
				OTHER_LDFLAGS = (
					"-lopencv_core",
					"-lopencv_imgcodecs",
					"-lopencv_calib3d",
					"-lopencv_highgui",
					"-lopencv_imgproc",
					"-lopencv_dnn",
				);
				PRODUCT_NAME = "$(TARGET_NAME)";
			};
			name = Debug;
		};
		CBD123F628E5880E004A42A9 /* Release */ = {
			isa = XCBuildConfiguration;
			buildSettings = {
				CLANG_CXX_LANGUAGE_STANDARD = "c++17";
				CODE_SIGN_STYLE = Automatic;
				HEADER_SEARCH_PATHS = (
					/usr/local/Cellar/opencv/4.6.0/include/opencv4,
					"${PROJECT_DIR}/include",
					/Users/meicet/nlohmann_json/include,
				);
				LIBRARY_SEARCH_PATHS = (
					/usr/local/Cellar/opencv/4.6.0/lib,
					"$(PROJECT_DIR)/intel_lib",
					"$(PROJECT_DIR)/m1_lib",
				);
				OTHER_LDFLAGS = (
					"-lopencv_core",
					"-lopencv_imgcodecs",
					"-lopencv_calib3d",
					"-lopencv_highgui",
					"-lopencv_imgproc",
					"-lopencv_dnn",
				);
				PRODUCT_NAME = "$(TARGET_NAME)";
			};
			name = Release;
		};
		CBDA6B9928D5550B00BE0756 /* Debug */ = {
			isa = XCBuildConfiguration;
			buildSettings = {
				CLANG_CXX_LANGUAGE_STANDARD = "gnu++20";
				CODE_SIGN_STYLE = Automatic;
				HEADER_SEARCH_PATHS = (
					/usr/local/Cellar/opencv/4.6.0/include/opencv4,
					"${PROJECT_DIR}/SkinAnaMPBase/include",
					/Users/meicet/nlohmann_json/include,
				);
				LIBRARY_SEARCH_PATHS = (
					/opt/homebrew/Cellar/opencv/4.6.0/lib,
					"$(PROJECT_DIR)/SkinAnaMPBase/intel_lib",
					"$(PROJECT_DIR)/SkinAnaMPBase/m1_lib",
				);
				OTHER_LDFLAGS = (
					"-lopencv_core",
					"-lopencv_imgcodecs",
					"-lopencv_calib3d",
					"-lopencv_highgui",
					"-lopencv_imgproc",
				);
				PRODUCT_NAME = "$(TARGET_NAME)";
			};
			name = Debug;
		};
		CBDA6B9A28D5550B00BE0756 /* Release */ = {
			isa = XCBuildConfiguration;
			buildSettings = {
				CLANG_CXX_LANGUAGE_STANDARD = "gnu++20";
				CODE_SIGN_STYLE = Automatic;
				HEADER_SEARCH_PATHS = (
					/usr/local/Cellar/opencv/4.6.0/include/opencv4,
					"${PROJECT_DIR}/SkinAnaMPBase/include",
					/Users/meicet/nlohmann_json/include,
				);
				LIBRARY_SEARCH_PATHS = (
					/opt/homebrew/Cellar/opencv/4.6.0/lib,
					"$(PROJECT_DIR)/SkinAnaMPBase/intel_lib",
					"$(PROJECT_DIR)/SkinAnaMPBase/m1_lib",
				);
				OTHER_LDFLAGS = (
					"-lopencv_core",
					"-lopencv_imgcodecs",
					"-lopencv_calib3d",
					"-lopencv_highgui",
					"-lopencv_imgproc",
				);
				PRODUCT_NAME = "$(TARGET_NAME)";
			};
			name = Release;
		};
/* End XCBuildConfiguration section */

/* Begin XCConfigurationList section */
		CB255A8D28C7237A005C8A81 /* Build configuration list for PBXProject "SkinAnaMPBase" */ = {
			isa = XCConfigurationList;
			buildConfigurations = (
				CB255A9728C7237A005C8A81 /* Debug */,
				CB255A9828C7237A005C8A81 /* Release */,
			);
			defaultConfigurationIsVisible = 0;
			defaultConfigurationName = Release;
		};
		CB255A9928C7237A005C8A81 /* Build configuration list for PBXNativeTarget "SkinAnaMPBase" */ = {
			isa = XCConfigurationList;
			buildConfigurations = (
				CB255A9A28C7237A005C8A81 /* Debug */,
				CB255A9B28C7237A005C8A81 /* Release */,
			);
			defaultConfigurationIsVisible = 0;
			defaultConfigurationName = Release;
		};
		CBD123F728E5880E004A42A9 /* Build configuration list for PBXNativeTarget "BatchRun" */ = {
			isa = XCConfigurationList;
			buildConfigurations = (
				CBD123F528E5880E004A42A9 /* Debug */,
				CBD123F628E5880E004A42A9 /* Release */,
			);
			defaultConfigurationIsVisible = 0;
			defaultConfigurationName = Release;
		};
		CBDA6B9828D5550B00BE0756 /* Build configuration list for PBXNativeTarget "LMExporter" */ = {
			isa = XCConfigurationList;
			buildConfigurations = (
				CBDA6B9928D5550B00BE0756 /* Debug */,
				CBDA6B9A28D5550B00BE0756 /* Release */,
			);
			defaultConfigurationIsVisible = 0;
			defaultConfigurationName = Release;
		};
/* End XCConfigurationList section */
	};
	rootObject = CB255A8A28C7237A005C8A81 /* Project object */;
}
